// !$*UTF8*$!
{
	archiveVersion = 1;
	classes = {
	};
	objectVersion = 50;
	objects = {

/* Begin PBXBuildFile section */
		C0BF91BD24E1F34C00824030 /* SirMetalLib.h in Headers */ = {isa = PBXBuildFile; fileRef = C0BF91BC24E1F34C00824030 /* SirMetalLib.h */; };
		C0BF91BF24E1F34C00824030 /* SirMetalLib.mm in Sources */ = {isa = PBXBuildFile; fileRef = C0BF91BE24E1F34C00824030 /* SirMetalLib.mm */; };
		C0BF91DC24E1F98100824030 /* input.h in Headers */ = {isa = PBXBuildFile; fileRef = C0BF91D324E1F98100824030 /* input.h */; };
		C0BF91DD24E1F98100824030 /* file.mm in Sources */ = {isa = PBXBuildFile; fileRef = C0BF91D424E1F98100824030 /* file.mm */; };
		C0BF91DE24E1F98100824030 /* flags.h in Headers */ = {isa = PBXBuildFile; fileRef = C0BF91D524E1F98100824030 /* flags.h */; };
		C0BF91DF24E1F98100824030 /* file.h in Headers */ = {isa = PBXBuildFile; fileRef = C0BF91D624E1F98100824030 /* file.h */; };
		C0BF91E024E1F98100824030 /* jsonParse.h in Headers */ = {isa = PBXBuildFile; fileRef = C0BF91D724E1F98100824030 /* jsonParse.h */; };
		C0BF91E124E1F98100824030 /* bufferedLog.h in Headers */ = {isa = PBXBuildFile; fileRef = C0BF91D924E1F98100824030 /* bufferedLog.h */; };
		C0BF91E224E1F98100824030 /* log.mm in Sources */ = {isa = PBXBuildFile; fileRef = C0BF91DA24E1F98100824030 /* log.mm */; };
		C0BF91E324E1F98100824030 /* log.h in Headers */ = {isa = PBXBuildFile; fileRef = C0BF91DB24E1F98100824030 /* log.h */; };
		C0BF925924E2517000824030 /* vertexfilter.cpp in Sources */ = {isa = PBXBuildFile; fileRef = C0BF91E624E2517000824030 /* vertexfilter.cpp */; settings = {COMPILER_FLAGS = "-w"; }; };
		C0BF925A24E2517000824030 /* vertexcodec.cpp in Sources */ = {isa = PBXBuildFile; fileRef = C0BF91E724E2517000824030 /* vertexcodec.cpp */; settings = {COMPILER_FLAGS = "-w"; }; };
		C0BF925B24E2517000824030 /* overdrawanalyzer.cpp in Sources */ = {isa = PBXBuildFile; fileRef = C0BF91E824E2517000824030 /* overdrawanalyzer.cpp */; settings = {COMPILER_FLAGS = "-w"; }; };
		C0BF925C24E2517000824030 /* vcacheoptimizer.cpp in Sources */ = {isa = PBXBuildFile; fileRef = C0BF91E924E2517000824030 /* vcacheoptimizer.cpp */; settings = {COMPILER_FLAGS = "-w"; }; };
		C0BF925D24E2517000824030 /* overdrawoptimizer.cpp in Sources */ = {isa = PBXBuildFile; fileRef = C0BF91EA24E2517000824030 /* overdrawoptimizer.cpp */; settings = {COMPILER_FLAGS = "-w"; }; };
		C0BF925E24E2517000824030 /* meshoptimizer.h in Headers */ = {isa = PBXBuildFile; fileRef = C0BF91EB24E2517000824030 /* meshoptimizer.h */; };
		C0BF925F24E2517000824030 /* stripifier.cpp in Sources */ = {isa = PBXBuildFile; fileRef = C0BF91EC24E2517000824030 /* stripifier.cpp */; settings = {COMPILER_FLAGS = "-w"; }; };
		C0BF926024E2517000824030 /* vcacheanalyzer.cpp in Sources */ = {isa = PBXBuildFile; fileRef = C0BF91ED24E2517000824030 /* vcacheanalyzer.cpp */; settings = {COMPILER_FLAGS = "-w"; }; };
		C0BF926124E2517000824030 /* indexcodec.cpp in Sources */ = {isa = PBXBuildFile; fileRef = C0BF91EE24E2517000824030 /* indexcodec.cpp */; settings = {COMPILER_FLAGS = "-w"; }; };
		C0BF926224E2517000824030 /* vfetchoptimizer.cpp in Sources */ = {isa = PBXBuildFile; fileRef = C0BF91EF24E2517000824030 /* vfetchoptimizer.cpp */; settings = {COMPILER_FLAGS = "-w"; }; };
		C0BF926324E2517000824030 /* allocator.cpp in Sources */ = {isa = PBXBuildFile; fileRef = C0BF91F024E2517000824030 /* allocator.cpp */; settings = {COMPILER_FLAGS = "-w"; }; };
		C0BF926424E2517000824030 /* spatialorder.cpp in Sources */ = {isa = PBXBuildFile; fileRef = C0BF91F124E2517000824030 /* spatialorder.cpp */; settings = {COMPILER_FLAGS = "-w"; }; };
		C0BF926524E2517100824030 /* indexgenerator.cpp in Sources */ = {isa = PBXBuildFile; fileRef = C0BF91F224E2517000824030 /* indexgenerator.cpp */; settings = {COMPILER_FLAGS = "-w"; }; };
		C0BF926624E2517100824030 /* vfetchanalyzer.cpp in Sources */ = {isa = PBXBuildFile; fileRef = C0BF91F324E2517000824030 /* vfetchanalyzer.cpp */; settings = {COMPILER_FLAGS = "-w"; }; };
		C0BF926724E2517100824030 /* clusterizer.cpp in Sources */ = {isa = PBXBuildFile; fileRef = C0BF91F424E2517000824030 /* clusterizer.cpp */; settings = {COMPILER_FLAGS = "-w"; }; };
		C0BF926824E2517100824030 /* simplifier.cpp in Sources */ = {isa = PBXBuildFile; fileRef = C0BF91F524E2517000824030 /* simplifier.cpp */; settings = {COMPILER_FLAGS = "-w"; }; };
		C0BF926924E2517100824030 /* objparser.mm in Sources */ = {isa = PBXBuildFile; fileRef = C0BF91F724E2517000824030 /* objparser.mm */; settings = {COMPILER_FLAGS = "-w"; }; };
		C0BF926A24E2517100824030 /* objparser.h in Headers */ = {isa = PBXBuildFile; fileRef = C0BF91F824E2517000824030 /* objparser.h */; };
		C0BF926B24E2517100824030 /* pattern_formatter-inl.h in Headers */ = {isa = PBXBuildFile; fileRef = C0BF91FA24E2517000824030 /* pattern_formatter-inl.h */; };
		C0BF926C24E2517100824030 /* fwd.h in Headers */ = {isa = PBXBuildFile; fileRef = C0BF91FB24E2517000824030 /* fwd.h */; };
		C0BF926D24E2517100824030 /* version.h in Headers */ = {isa = PBXBuildFile; fileRef = C0BF91FC24E2517000824030 /* version.h */; };
		C0BF926E24E2517100824030 /* spdlog.h in Headers */ = {isa = PBXBuildFile; fileRef = C0BF91FD24E2517000824030 /* spdlog.h */; };
		C0BF926F24E2517100824030 /* bin_to_hex.h in Headers */ = {isa = PBXBuildFile; fileRef = C0BF91FF24E2517000824030 /* bin_to_hex.h */; };
		C0BF927024E2517100824030 /* ostream.h in Headers */ = {isa = PBXBuildFile; fileRef = C0BF920124E2517000824030 /* ostream.h */; };
		C0BF927124E2517100824030 /* format-inl.h in Headers */ = {isa = PBXBuildFile; fileRef = C0BF920224E2517000824030 /* format-inl.h */; };
		C0BF927224E2517100824030 /* ranges.h in Headers */ = {isa = PBXBuildFile; fileRef = C0BF920324E2517000824030 /* ranges.h */; };
		C0BF927324E2517100824030 /* core.h in Headers */ = {isa = PBXBuildFile; fileRef = C0BF920424E2517000824030 /* core.h */; };
		C0BF927424E2517100824030 /* locale.h in Headers */ = {isa = PBXBuildFile; fileRef = C0BF920524E2517000824030 /* locale.h */; };
		C0BF927524E2517100824030 /* chrono.h in Headers */ = {isa = PBXBuildFile; fileRef = C0BF920624E2517000824030 /* chrono.h */; };
		C0BF927624E2517100824030 /* color.h in Headers */ = {isa = PBXBuildFile; fileRef = C0BF920724E2517000824030 /* color.h */; };
		C0BF927724E2517100824030 /* printf.h in Headers */ = {isa = PBXBuildFile; fileRef = C0BF920824E2517000824030 /* printf.h */; };
		C0BF927824E2517100824030 /* compile.h in Headers */ = {isa = PBXBuildFile; fileRef = C0BF920924E2517000824030 /* compile.h */; };
		C0BF927924E2517100824030 /* posix.h in Headers */ = {isa = PBXBuildFile; fileRef = C0BF920A24E2517000824030 /* posix.h */; };
		C0BF927A24E2517100824030 /* format.h in Headers */ = {isa = PBXBuildFile; fileRef = C0BF920C24E2517000824030 /* format.h */; };
		C0BF927B24E2517100824030 /* fmt.h in Headers */ = {isa = PBXBuildFile; fileRef = C0BF920D24E2517000824030 /* fmt.h */; };
		C0BF927C24E2517100824030 /* ostr.h in Headers */ = {isa = PBXBuildFile; fileRef = C0BF920E24E2517000824030 /* ostr.h */; };
		C0BF927D24E2517100824030 /* logger-inl.h in Headers */ = {isa = PBXBuildFile; fileRef = C0BF920F24E2517000824030 /* logger-inl.h */; };
		C0BF927E24E2517100824030 /* ansicolor_sink-inl.h in Headers */ = {isa = PBXBuildFile; fileRef = C0BF921124E2517000824030 /* ansicolor_sink-inl.h */; };
		C0BF927F24E2517100824030 /* stdout_sinks.h in Headers */ = {isa = PBXBuildFile; fileRef = C0BF921224E2517000824030 /* stdout_sinks.h */; };
		C0BF928024E2517100824030 /* basic_file_sink.h in Headers */ = {isa = PBXBuildFile; fileRef = C0BF921324E2517000824030 /* basic_file_sink.h */; };
		C0BF928124E2517100824030 /* rotating_file_sink.h in Headers */ = {isa = PBXBuildFile; fileRef = C0BF921424E2517000824030 /* rotating_file_sink.h */; };
		C0BF928224E2517100824030 /* daily_file_sink.h in Headers */ = {isa = PBXBuildFile; fileRef = C0BF921524E2517000824030 /* daily_file_sink.h */; };
		C0BF928324E2517100824030 /* ringbuffer_sink.h in Headers */ = {isa = PBXBuildFile; fileRef = C0BF921624E2517000824030 /* ringbuffer_sink.h */; };
		C0BF928424E2517100824030 /* ansicolor_sink.h in Headers */ = {isa = PBXBuildFile; fileRef = C0BF921724E2517000824030 /* ansicolor_sink.h */; };
		C0BF928524E2517100824030 /* systemd_sink.h in Headers */ = {isa = PBXBuildFile; fileRef = C0BF921824E2517000824030 /* systemd_sink.h */; };
		C0BF928624E2517100824030 /* base_sink.h in Headers */ = {isa = PBXBuildFile; fileRef = C0BF921924E2517000824030 /* base_sink.h */; };
		C0BF928724E2517100824030 /* stdout_color_sinks.h in Headers */ = {isa = PBXBuildFile; fileRef = C0BF921A24E2517000824030 /* stdout_color_sinks.h */; };
		C0BF928824E2517100824030 /* dist_sink.h in Headers */ = {isa = PBXBuildFile; fileRef = C0BF921B24E2517000824030 /* dist_sink.h */; };
		C0BF928924E2517100824030 /* msvc_sink.h in Headers */ = {isa = PBXBuildFile; fileRef = C0BF921C24E2517000824030 /* msvc_sink.h */; };
		C0BF928A24E2517100824030 /* tcp_sink.h in Headers */ = {isa = PBXBuildFile; fileRef = C0BF921D24E2517000824030 /* tcp_sink.h */; };
		C0BF928B24E2517100824030 /* sink-inl.h in Headers */ = {isa = PBXBuildFile; fileRef = C0BF921E24E2517000824030 /* sink-inl.h */; };
		C0BF928C24E2517100824030 /* wincolor_sink-inl.h in Headers */ = {isa = PBXBuildFile; fileRef = C0BF921F24E2517000824030 /* wincolor_sink-inl.h */; };
		C0BF928D24E2517100824030 /* android_sink.h in Headers */ = {isa = PBXBuildFile; fileRef = C0BF922024E2517000824030 /* android_sink.h */; };
		C0BF928E24E2517100824030 /* stdout_sinks-inl.h in Headers */ = {isa = PBXBuildFile; fileRef = C0BF922124E2517000824030 /* stdout_sinks-inl.h */; };
		C0BF928F24E2517100824030 /* sink.h in Headers */ = {isa = PBXBuildFile; fileRef = C0BF922224E2517000824030 /* sink.h */; };
		C0BF929024E2517100824030 /* syslog_sink.h in Headers */ = {isa = PBXBuildFile; fileRef = C0BF922324E2517000824030 /* syslog_sink.h */; };
		C0BF929124E2517100824030 /* dup_filter_sink.h in Headers */ = {isa = PBXBuildFile; fileRef = C0BF922424E2517000824030 /* dup_filter_sink.h */; };
		C0BF929224E2517100824030 /* win_eventlog_sink.h in Headers */ = {isa = PBXBuildFile; fileRef = C0BF922524E2517000824030 /* win_eventlog_sink.h */; };
		C0BF929324E2517100824030 /* stdout_color_sinks-inl.h in Headers */ = {isa = PBXBuildFile; fileRef = C0BF922624E2517000824030 /* stdout_color_sinks-inl.h */; };
		C0BF929424E2517100824030 /* ostream_sink.h in Headers */ = {isa = PBXBuildFile; fileRef = C0BF922724E2517000824030 /* ostream_sink.h */; };
		C0BF929524E2517100824030 /* rotating_file_sink-inl.h in Headers */ = {isa = PBXBuildFile; fileRef = C0BF922824E2517000824030 /* rotating_file_sink-inl.h */; };
		C0BF929624E2517100824030 /* basic_file_sink-inl.h in Headers */ = {isa = PBXBuildFile; fileRef = C0BF922924E2517000824030 /* basic_file_sink-inl.h */; };
		C0BF929724E2517100824030 /* null_sink.h in Headers */ = {isa = PBXBuildFile; fileRef = C0BF922A24E2517000824030 /* null_sink.h */; };
		C0BF929824E2517100824030 /* base_sink-inl.h in Headers */ = {isa = PBXBuildFile; fileRef = C0BF922B24E2517000824030 /* base_sink-inl.h */; };
		C0BF929924E2517100824030 /* wincolor_sink.h in Headers */ = {isa = PBXBuildFile; fileRef = C0BF922C24E2517000824030 /* wincolor_sink.h */; };
		C0BF929A24E2517100824030 /* formatter.h in Headers */ = {isa = PBXBuildFile; fileRef = C0BF922D24E2517000824030 /* formatter.h */; };
		C0BF929B24E2517100824030 /* common-inl.h in Headers */ = {isa = PBXBuildFile; fileRef = C0BF922E24E2517000824030 /* common-inl.h */; };
		C0BF929C24E2517100824030 /* log_msg_buffer-inl.h in Headers */ = {isa = PBXBuildFile; fileRef = C0BF923024E2517000824030 /* log_msg_buffer-inl.h */; };
		C0BF929D24E2517100824030 /* log_msg-inl.h in Headers */ = {isa = PBXBuildFile; fileRef = C0BF923124E2517000824030 /* log_msg-inl.h */; };
		C0BF929E24E2517100824030 /* file_helper.h in Headers */ = {isa = PBXBuildFile; fileRef = C0BF923224E2517000824030 /* file_helper.h */; };
		C0BF929F24E2517100824030 /* periodic_worker-inl.h in Headers */ = {isa = PBXBuildFile; fileRef = C0BF923324E2517000824030 /* periodic_worker-inl.h */; };
		C0BF92A024E2517100824030 /* periodic_worker.h in Headers */ = {isa = PBXBuildFile; fileRef = C0BF923424E2517000824030 /* periodic_worker.h */; };
		C0BF92A124E2517100824030 /* mpmc_blocking_q.h in Headers */ = {isa = PBXBuildFile; fileRef = C0BF923524E2517000824030 /* mpmc_blocking_q.h */; };
		C0BF92A224E2517100824030 /* os.h in Headers */ = {isa = PBXBuildFile; fileRef = C0BF923624E2517000824030 /* os.h */; };
		C0BF92A324E2517100824030 /* thread_pool-inl.h in Headers */ = {isa = PBXBuildFile; fileRef = C0BF923724E2517000824030 /* thread_pool-inl.h */; };
		C0BF92A424E2517100824030 /* fmt_helper.h in Headers */ = {isa = PBXBuildFile; fileRef = C0BF923824E2517000824030 /* fmt_helper.h */; };
		C0BF92A524E2517100824030 /* null_mutex.h in Headers */ = {isa = PBXBuildFile; fileRef = C0BF923924E2517000824030 /* null_mutex.h */; };
		C0BF92A624E2517100824030 /* registry.h in Headers */ = {isa = PBXBuildFile; fileRef = C0BF923A24E2517000824030 /* registry.h */; };
		C0BF92A724E2517100824030 /* backtracer.h in Headers */ = {isa = PBXBuildFile; fileRef = C0BF923B24E2517000824030 /* backtracer.h */; };
		C0BF92A824E2517100824030 /* registry-inl.h in Headers */ = {isa = PBXBuildFile; fileRef = C0BF923C24E2517000824030 /* registry-inl.h */; };
		C0BF92A924E2517100824030 /* thread_pool.h in Headers */ = {isa = PBXBuildFile; fileRef = C0BF923D24E2517000824030 /* thread_pool.h */; };
		C0BF92AA24E2517100824030 /* circular_q.h in Headers */ = {isa = PBXBuildFile; fileRef = C0BF923E24E2517000824030 /* circular_q.h */; };
		C0BF92AB24E2517100824030 /* synchronous_factory.h in Headers */ = {isa = PBXBuildFile; fileRef = C0BF923F24E2517000824030 /* synchronous_factory.h */; };
		C0BF92AC24E2517100824030 /* os-inl.h in Headers */ = {isa = PBXBuildFile; fileRef = C0BF924024E2517000824030 /* os-inl.h */; };
		C0BF92AD24E2517100824030 /* log_msg.h in Headers */ = {isa = PBXBuildFile; fileRef = C0BF924124E2517000824030 /* log_msg.h */; };
		C0BF92AE24E2517100824030 /* backtracer-inl.h in Headers */ = {isa = PBXBuildFile; fileRef = C0BF924224E2517000824030 /* backtracer-inl.h */; };
		C0BF92AF24E2517100824030 /* file_helper-inl.h in Headers */ = {isa = PBXBuildFile; fileRef = C0BF924324E2517000824030 /* file_helper-inl.h */; };
		C0BF92B024E2517100824030 /* log_msg_buffer.h in Headers */ = {isa = PBXBuildFile; fileRef = C0BF924424E2517000824030 /* log_msg_buffer.h */; };
		C0BF92B124E2517100824030 /* tcp_client.h in Headers */ = {isa = PBXBuildFile; fileRef = C0BF924524E2517000824030 /* tcp_client.h */; };
		C0BF92B224E2517100824030 /* console_globals.h in Headers */ = {isa = PBXBuildFile; fileRef = C0BF924624E2517000824030 /* console_globals.h */; };
		C0BF92B324E2517100824030 /* windows_include.h in Headers */ = {isa = PBXBuildFile; fileRef = C0BF924724E2517000824030 /* windows_include.h */; };
		C0BF92B424E2517100824030 /* tcp_client-windows.h in Headers */ = {isa = PBXBuildFile; fileRef = C0BF924824E2517000824030 /* tcp_client-windows.h */; };
		C0BF92B524E2517100824030 /* async_logger.h in Headers */ = {isa = PBXBuildFile; fileRef = C0BF924924E2517000824030 /* async_logger.h */; };
		C0BF92B624E2517100824030 /* env.h in Headers */ = {isa = PBXBuildFile; fileRef = C0BF924B24E2517000824030 /* env.h */; };
		C0BF92B724E2517100824030 /* log_levels.h in Headers */ = {isa = PBXBuildFile; fileRef = C0BF924C24E2517000824030 /* log_levels.h */; };
		C0BF92B824E2517100824030 /* argv.h in Headers */ = {isa = PBXBuildFile; fileRef = C0BF924D24E2517000824030 /* argv.h */; };
		C0BF92B924E2517100824030 /* helpers-inl.h in Headers */ = {isa = PBXBuildFile; fileRef = C0BF924E24E2517000824030 /* helpers-inl.h */; };
		C0BF92BA24E2517100824030 /* helpers.h in Headers */ = {isa = PBXBuildFile; fileRef = C0BF924F24E2517000824030 /* helpers.h */; };
		C0BF92BB24E2517100824030 /* tweakme.h in Headers */ = {isa = PBXBuildFile; fileRef = C0BF925024E2517000824030 /* tweakme.h */; };
		C0BF92BC24E2517100824030 /* async.h in Headers */ = {isa = PBXBuildFile; fileRef = C0BF925124E2517000824030 /* async.h */; };
		C0BF92BD24E2517100824030 /* common.h in Headers */ = {isa = PBXBuildFile; fileRef = C0BF925224E2517000824030 /* common.h */; };
		C0BF92BE24E2517100824030 /* async_logger-inl.h in Headers */ = {isa = PBXBuildFile; fileRef = C0BF925324E2517000824030 /* async_logger-inl.h */; };
		C0BF92BF24E2517100824030 /* pattern_formatter.h in Headers */ = {isa = PBXBuildFile; fileRef = C0BF925424E2517000824030 /* pattern_formatter.h */; };
		C0BF92C024E2517100824030 /* logger.h in Headers */ = {isa = PBXBuildFile; fileRef = C0BF925524E2517000824030 /* logger.h */; };
		C0BF92C124E2517100824030 /* spdlog-inl.h in Headers */ = {isa = PBXBuildFile; fileRef = C0BF925624E2517000824030 /* spdlog-inl.h */; };
		C0BF92C224E2517100824030 /* json.hpp in Headers */ = {isa = PBXBuildFile; fileRef = C0BF925824E2517000824030 /* json.hpp */; };
		C0BF92CE24E25F2500824030 /* shaderManager.mm in Sources */ = {isa = PBXBuildFile; fileRef = C0BF92C424E25F2500824030 /* shaderManager.mm */; };
		C0BF92CF24E25F2500824030 /* textureManager.mm in Sources */ = {isa = PBXBuildFile; fileRef = C0BF92C524E25F2500824030 /* textureManager.mm */; };
		C0BF92D024E25F2500824030 /* meshManager.h in Headers */ = {isa = PBXBuildFile; fileRef = C0BF92C724E25F2500824030 /* meshManager.h */; };
		C0BF92D124E25F2500824030 /* wavefrontobj.h in Headers */ = {isa = PBXBuildFile; fileRef = C0BF92C824E25F2500824030 /* wavefrontobj.h */; };
		C0BF92D224E25F2500824030 /* wavefrontobj.mm in Sources */ = {isa = PBXBuildFile; fileRef = C0BF92C924E25F2500824030 /* wavefrontobj.mm */; };
		C0BF92D324E25F2500824030 /* meshManager.mm in Sources */ = {isa = PBXBuildFile; fileRef = C0BF92CA24E25F2500824030 /* meshManager.mm */; };
		C0BF92D424E25F2500824030 /* handle.h in Headers */ = {isa = PBXBuildFile; fileRef = C0BF92CB24E25F2500824030 /* handle.h */; };
		C0BF92D524E25F2500824030 /* shaderManager.h in Headers */ = {isa = PBXBuildFile; fileRef = C0BF92CC24E25F2500824030 /* shaderManager.h */; };
		C0BF92D624E25F2500824030 /* textureManager.h in Headers */ = {isa = PBXBuildFile; fileRef = C0BF92CD24E25F2500824030 /* textureManager.h */; };
		C0BF92DE24E261FF00824030 /* materialManager.mm in Sources */ = {isa = PBXBuildFile; fileRef = C0BF92D824E261FF00824030 /* materialManager.mm */; };
		C0BF92DF24E261FF00824030 /* camera.mm in Sources */ = {isa = PBXBuildFile; fileRef = C0BF92D924E261FF00824030 /* camera.mm */; };
		C0BF92E024E261FF00824030 /* camera.h in Headers */ = {isa = PBXBuildFile; fileRef = C0BF92DA24E261FF00824030 /* camera.h */; };
		C0BF92E124E261FF00824030 /* renderingContext.mm in Sources */ = {isa = PBXBuildFile; fileRef = C0BF92DB24E261FF00824030 /* renderingContext.mm */; };
		C0BF92E224E261FF00824030 /* renderingContext.h in Headers */ = {isa = PBXBuildFile; fileRef = C0BF92DC24E261FF00824030 /* renderingContext.h */; };
		C0BF92E324E261FF00824030 /* materialManager.h in Headers */ = {isa = PBXBuildFile; fileRef = C0BF92DD24E261FF00824030 /* materialManager.h */; };
		C0BF92EA24E2625E00824030 /* engineContext.h in Headers */ = {isa = PBXBuildFile; fileRef = C0BF92E624E2625E00824030 /* engineContext.h */; };
		C0BF92EB24E2625E00824030 /* engineContext.mm in Sources */ = {isa = PBXBuildFile; fileRef = C0BF92E724E2625E00824030 /* engineContext.mm */; };
		C0BF92EE24E2652E00824030 /* MBEMathUtilities.h in Headers */ = {isa = PBXBuildFile; fileRef = C0BF92EC24E2652E00824030 /* MBEMathUtilities.h */; };
		C0BF92EF24E2652E00824030 /* MBEMathUtilities.mm in Sources */ = {isa = PBXBuildFile; fileRef = C0BF92ED24E2652E00824030 /* MBEMathUtilities.mm */; };
		C0BF930824EA5EF900824030 /* linearBufferManager.cpp in Sources */ = {isa = PBXBuildFile; fileRef = C0BF930524EA5EF900824030 /* linearBufferManager.cpp */; };
		C0BF930924EA5EF900824030 /* linearBufferManager.h in Headers */ = {isa = PBXBuildFile; fileRef = C0BF930624EA5EF900824030 /* linearBufferManager.h */; };
		C0BF930A24EA5EF900824030 /* resizableVector.h in Headers */ = {isa = PBXBuildFile; fileRef = C0BF930724EA5EF900824030 /* resizableVector.h */; };
		C9EA91BEA3AA6B7D36458880 /* denseTree.h in Headers */ = {isa = PBXBuildFile; fileRef = C9EA9EE19873FC3BB9FAFD72 /* denseTree.h */; };
		C9EA943B879C14F0B4489589 /* GPUMemoryAllocator.mm in Sources */ = {isa = PBXBuildFile; fileRef = C9EA95277E0D2C2763476702 /* GPUMemoryAllocator.mm */; };
		C9EA94DAA17767E39072358D /* GPUMemoryAllocator.h in Headers */ = {isa = PBXBuildFile; fileRef = C9EA9186765F8F4315FD8C42 /* GPUMemoryAllocator.h */; };
		C9EA96D6EB4E663CA2A4858C /* constantBufferManager.h in Headers */ = {isa = PBXBuildFile; fileRef = C9EA93275D58B880991372D8 /* constantBufferManager.h */; };
		C9EA981EDA4F351A5F8D1D0B /* hierarchy.mm in Sources */ = {isa = PBXBuildFile; fileRef = C9EA921B3372A88C3258CD13 /* hierarchy.mm */; };
		C9EA9835208AA3AEA2258EB9 /* hierarchy.h in Headers */ = {isa = PBXBuildFile; fileRef = C9EA9FD86429E5F1AEF225F4 /* hierarchy.h */; };
		C9EA9BC3E7ED186368FA9F4B /* core.h in Headers */ = {isa = PBXBuildFile; fileRef = C9EA9E374315D47B394DAE73 /* core.h */; };
		C9EA9D4E1F17886FD2A55F09 /* constantBufferManager.mm in Sources */ = {isa = PBXBuildFile; fileRef = C9EA9F82584179A723F47455 /* constantBufferManager.mm */; };
		C9EA9F6627E488144AD2AA34 /* denseTree.mm in Sources */ = {isa = PBXBuildFile; fileRef = C9EA94AEC599CE853ABB8759 /* denseTree.mm */; };
/* End PBXBuildFile section */

/* Begin PBXFileReference section */
		C0BF91B924E1F34C00824030 /* libSirMetalLib.a */ = {isa = PBXFileReference; explicitFileType = archive.ar; includeInIndex = 0; path = libSirMetalLib.a; sourceTree = BUILT_PRODUCTS_DIR; };
		C0BF91BC24E1F34C00824030 /* SirMetalLib.h */ = {isa = PBXFileReference; lastKnownFileType = sourcecode.c.h; path = SirMetalLib.h; sourceTree = "<group>"; };
		C0BF91BE24E1F34C00824030 /* SirMetalLib.mm */ = {isa = PBXFileReference; lastKnownFileType = sourcecode.cpp.objcpp; path = SirMetalLib.mm; sourceTree = "<group>"; };
		C0BF91D324E1F98100824030 /* input.h */ = {isa = PBXFileReference; fileEncoding = 4; lastKnownFileType = sourcecode.c.h; path = input.h; sourceTree = "<group>"; };
		C0BF91D424E1F98100824030 /* file.mm */ = {isa = PBXFileReference; fileEncoding = 4; lastKnownFileType = sourcecode.cpp.objcpp; path = file.mm; sourceTree = "<group>"; };
		C0BF91D524E1F98100824030 /* flags.h */ = {isa = PBXFileReference; fileEncoding = 4; lastKnownFileType = sourcecode.c.h; path = flags.h; sourceTree = "<group>"; };
		C0BF91D624E1F98100824030 /* file.h */ = {isa = PBXFileReference; fileEncoding = 4; lastKnownFileType = sourcecode.c.h; path = file.h; sourceTree = "<group>"; };
		C0BF91D724E1F98100824030 /* jsonParse.h */ = {isa = PBXFileReference; fileEncoding = 4; lastKnownFileType = sourcecode.c.h; path = jsonParse.h; sourceTree = "<group>"; };
		C0BF91D924E1F98100824030 /* bufferedLog.h */ = {isa = PBXFileReference; fileEncoding = 4; lastKnownFileType = sourcecode.c.h; path = bufferedLog.h; sourceTree = "<group>"; };
		C0BF91DA24E1F98100824030 /* log.mm */ = {isa = PBXFileReference; fileEncoding = 4; lastKnownFileType = sourcecode.cpp.objcpp; path = log.mm; sourceTree = "<group>"; };
		C0BF91DB24E1F98100824030 /* log.h */ = {isa = PBXFileReference; fileEncoding = 4; lastKnownFileType = sourcecode.c.h; path = log.h; sourceTree = "<group>"; };
		C0BF91E624E2517000824030 /* vertexfilter.cpp */ = {isa = PBXFileReference; fileEncoding = 4; lastKnownFileType = sourcecode.cpp.cpp; path = vertexfilter.cpp; sourceTree = "<group>"; };
		C0BF91E724E2517000824030 /* vertexcodec.cpp */ = {isa = PBXFileReference; fileEncoding = 4; lastKnownFileType = sourcecode.cpp.cpp; path = vertexcodec.cpp; sourceTree = "<group>"; };
		C0BF91E824E2517000824030 /* overdrawanalyzer.cpp */ = {isa = PBXFileReference; fileEncoding = 4; lastKnownFileType = sourcecode.cpp.cpp; path = overdrawanalyzer.cpp; sourceTree = "<group>"; };
		C0BF91E924E2517000824030 /* vcacheoptimizer.cpp */ = {isa = PBXFileReference; fileEncoding = 4; lastKnownFileType = sourcecode.cpp.cpp; path = vcacheoptimizer.cpp; sourceTree = "<group>"; };
		C0BF91EA24E2517000824030 /* overdrawoptimizer.cpp */ = {isa = PBXFileReference; fileEncoding = 4; lastKnownFileType = sourcecode.cpp.cpp; path = overdrawoptimizer.cpp; sourceTree = "<group>"; };
		C0BF91EB24E2517000824030 /* meshoptimizer.h */ = {isa = PBXFileReference; fileEncoding = 4; lastKnownFileType = sourcecode.c.h; path = meshoptimizer.h; sourceTree = "<group>"; };
		C0BF91EC24E2517000824030 /* stripifier.cpp */ = {isa = PBXFileReference; fileEncoding = 4; lastKnownFileType = sourcecode.cpp.cpp; path = stripifier.cpp; sourceTree = "<group>"; };
		C0BF91ED24E2517000824030 /* vcacheanalyzer.cpp */ = {isa = PBXFileReference; fileEncoding = 4; lastKnownFileType = sourcecode.cpp.cpp; path = vcacheanalyzer.cpp; sourceTree = "<group>"; };
		C0BF91EE24E2517000824030 /* indexcodec.cpp */ = {isa = PBXFileReference; fileEncoding = 4; lastKnownFileType = sourcecode.cpp.cpp; path = indexcodec.cpp; sourceTree = "<group>"; };
		C0BF91EF24E2517000824030 /* vfetchoptimizer.cpp */ = {isa = PBXFileReference; fileEncoding = 4; lastKnownFileType = sourcecode.cpp.cpp; path = vfetchoptimizer.cpp; sourceTree = "<group>"; };
		C0BF91F024E2517000824030 /* allocator.cpp */ = {isa = PBXFileReference; fileEncoding = 4; lastKnownFileType = sourcecode.cpp.cpp; path = allocator.cpp; sourceTree = "<group>"; };
		C0BF91F124E2517000824030 /* spatialorder.cpp */ = {isa = PBXFileReference; fileEncoding = 4; lastKnownFileType = sourcecode.cpp.cpp; path = spatialorder.cpp; sourceTree = "<group>"; };
		C0BF91F224E2517000824030 /* indexgenerator.cpp */ = {isa = PBXFileReference; fileEncoding = 4; lastKnownFileType = sourcecode.cpp.cpp; path = indexgenerator.cpp; sourceTree = "<group>"; };
		C0BF91F324E2517000824030 /* vfetchanalyzer.cpp */ = {isa = PBXFileReference; fileEncoding = 4; lastKnownFileType = sourcecode.cpp.cpp; path = vfetchanalyzer.cpp; sourceTree = "<group>"; };
		C0BF91F424E2517000824030 /* clusterizer.cpp */ = {isa = PBXFileReference; fileEncoding = 4; lastKnownFileType = sourcecode.cpp.cpp; path = clusterizer.cpp; sourceTree = "<group>"; };
		C0BF91F524E2517000824030 /* simplifier.cpp */ = {isa = PBXFileReference; fileEncoding = 4; lastKnownFileType = sourcecode.cpp.cpp; path = simplifier.cpp; sourceTree = "<group>"; };
		C0BF91F724E2517000824030 /* objparser.mm */ = {isa = PBXFileReference; fileEncoding = 4; lastKnownFileType = sourcecode.cpp.objcpp; path = objparser.mm; sourceTree = "<group>"; };
		C0BF91F824E2517000824030 /* objparser.h */ = {isa = PBXFileReference; fileEncoding = 4; lastKnownFileType = sourcecode.c.h; path = objparser.h; sourceTree = "<group>"; };
		C0BF91FA24E2517000824030 /* pattern_formatter-inl.h */ = {isa = PBXFileReference; fileEncoding = 4; lastKnownFileType = sourcecode.c.h; path = "pattern_formatter-inl.h"; sourceTree = "<group>"; };
		C0BF91FB24E2517000824030 /* fwd.h */ = {isa = PBXFileReference; fileEncoding = 4; lastKnownFileType = sourcecode.c.h; path = fwd.h; sourceTree = "<group>"; };
		C0BF91FC24E2517000824030 /* version.h */ = {isa = PBXFileReference; fileEncoding = 4; lastKnownFileType = sourcecode.c.h; path = version.h; sourceTree = "<group>"; };
		C0BF91FD24E2517000824030 /* spdlog.h */ = {isa = PBXFileReference; fileEncoding = 4; lastKnownFileType = sourcecode.c.h; path = spdlog.h; sourceTree = "<group>"; };
		C0BF91FF24E2517000824030 /* bin_to_hex.h */ = {isa = PBXFileReference; fileEncoding = 4; lastKnownFileType = sourcecode.c.h; path = bin_to_hex.h; sourceTree = "<group>"; };
		C0BF920124E2517000824030 /* ostream.h */ = {isa = PBXFileReference; fileEncoding = 4; lastKnownFileType = sourcecode.c.h; path = ostream.h; sourceTree = "<group>"; };
		C0BF920224E2517000824030 /* format-inl.h */ = {isa = PBXFileReference; fileEncoding = 4; lastKnownFileType = sourcecode.c.h; path = "format-inl.h"; sourceTree = "<group>"; };
		C0BF920324E2517000824030 /* ranges.h */ = {isa = PBXFileReference; fileEncoding = 4; lastKnownFileType = sourcecode.c.h; path = ranges.h; sourceTree = "<group>"; };
		C0BF920424E2517000824030 /* core.h */ = {isa = PBXFileReference; fileEncoding = 4; lastKnownFileType = sourcecode.c.h; path = core.h; sourceTree = "<group>"; };
		C0BF920524E2517000824030 /* locale.h */ = {isa = PBXFileReference; fileEncoding = 4; lastKnownFileType = sourcecode.c.h; path = locale.h; sourceTree = "<group>"; };
		C0BF920624E2517000824030 /* chrono.h */ = {isa = PBXFileReference; fileEncoding = 4; lastKnownFileType = sourcecode.c.h; path = chrono.h; sourceTree = "<group>"; };
		C0BF920724E2517000824030 /* color.h */ = {isa = PBXFileReference; fileEncoding = 4; lastKnownFileType = sourcecode.c.h; path = color.h; sourceTree = "<group>"; };
		C0BF920824E2517000824030 /* printf.h */ = {isa = PBXFileReference; fileEncoding = 4; lastKnownFileType = sourcecode.c.h; path = printf.h; sourceTree = "<group>"; };
		C0BF920924E2517000824030 /* compile.h */ = {isa = PBXFileReference; fileEncoding = 4; lastKnownFileType = sourcecode.c.h; path = compile.h; sourceTree = "<group>"; };
		C0BF920A24E2517000824030 /* posix.h */ = {isa = PBXFileReference; fileEncoding = 4; lastKnownFileType = sourcecode.c.h; path = posix.h; sourceTree = "<group>"; };
		C0BF920B24E2517000824030 /* LICENSE.rst */ = {isa = PBXFileReference; fileEncoding = 4; lastKnownFileType = text; path = LICENSE.rst; sourceTree = "<group>"; };
		C0BF920C24E2517000824030 /* format.h */ = {isa = PBXFileReference; fileEncoding = 4; lastKnownFileType = sourcecode.c.h; path = format.h; sourceTree = "<group>"; };
		C0BF920D24E2517000824030 /* fmt.h */ = {isa = PBXFileReference; fileEncoding = 4; lastKnownFileType = sourcecode.c.h; path = fmt.h; sourceTree = "<group>"; };
		C0BF920E24E2517000824030 /* ostr.h */ = {isa = PBXFileReference; fileEncoding = 4; lastKnownFileType = sourcecode.c.h; path = ostr.h; sourceTree = "<group>"; };
		C0BF920F24E2517000824030 /* logger-inl.h */ = {isa = PBXFileReference; fileEncoding = 4; lastKnownFileType = sourcecode.c.h; path = "logger-inl.h"; sourceTree = "<group>"; };
		C0BF921124E2517000824030 /* ansicolor_sink-inl.h */ = {isa = PBXFileReference; fileEncoding = 4; lastKnownFileType = sourcecode.c.h; path = "ansicolor_sink-inl.h"; sourceTree = "<group>"; };
		C0BF921224E2517000824030 /* stdout_sinks.h */ = {isa = PBXFileReference; fileEncoding = 4; lastKnownFileType = sourcecode.c.h; path = stdout_sinks.h; sourceTree = "<group>"; };
		C0BF921324E2517000824030 /* basic_file_sink.h */ = {isa = PBXFileReference; fileEncoding = 4; lastKnownFileType = sourcecode.c.h; path = basic_file_sink.h; sourceTree = "<group>"; };
		C0BF921424E2517000824030 /* rotating_file_sink.h */ = {isa = PBXFileReference; fileEncoding = 4; lastKnownFileType = sourcecode.c.h; path = rotating_file_sink.h; sourceTree = "<group>"; };
		C0BF921524E2517000824030 /* daily_file_sink.h */ = {isa = PBXFileReference; fileEncoding = 4; lastKnownFileType = sourcecode.c.h; path = daily_file_sink.h; sourceTree = "<group>"; };
		C0BF921624E2517000824030 /* ringbuffer_sink.h */ = {isa = PBXFileReference; fileEncoding = 4; lastKnownFileType = sourcecode.c.h; path = ringbuffer_sink.h; sourceTree = "<group>"; };
		C0BF921724E2517000824030 /* ansicolor_sink.h */ = {isa = PBXFileReference; fileEncoding = 4; lastKnownFileType = sourcecode.c.h; path = ansicolor_sink.h; sourceTree = "<group>"; };
		C0BF921824E2517000824030 /* systemd_sink.h */ = {isa = PBXFileReference; fileEncoding = 4; lastKnownFileType = sourcecode.c.h; path = systemd_sink.h; sourceTree = "<group>"; };
		C0BF921924E2517000824030 /* base_sink.h */ = {isa = PBXFileReference; fileEncoding = 4; lastKnownFileType = sourcecode.c.h; path = base_sink.h; sourceTree = "<group>"; };
		C0BF921A24E2517000824030 /* stdout_color_sinks.h */ = {isa = PBXFileReference; fileEncoding = 4; lastKnownFileType = sourcecode.c.h; path = stdout_color_sinks.h; sourceTree = "<group>"; };
		C0BF921B24E2517000824030 /* dist_sink.h */ = {isa = PBXFileReference; fileEncoding = 4; lastKnownFileType = sourcecode.c.h; path = dist_sink.h; sourceTree = "<group>"; };
		C0BF921C24E2517000824030 /* msvc_sink.h */ = {isa = PBXFileReference; fileEncoding = 4; lastKnownFileType = sourcecode.c.h; path = msvc_sink.h; sourceTree = "<group>"; };
		C0BF921D24E2517000824030 /* tcp_sink.h */ = {isa = PBXFileReference; fileEncoding = 4; lastKnownFileType = sourcecode.c.h; path = tcp_sink.h; sourceTree = "<group>"; };
		C0BF921E24E2517000824030 /* sink-inl.h */ = {isa = PBXFileReference; fileEncoding = 4; lastKnownFileType = sourcecode.c.h; path = "sink-inl.h"; sourceTree = "<group>"; };
		C0BF921F24E2517000824030 /* wincolor_sink-inl.h */ = {isa = PBXFileReference; fileEncoding = 4; lastKnownFileType = sourcecode.c.h; path = "wincolor_sink-inl.h"; sourceTree = "<group>"; };
		C0BF922024E2517000824030 /* android_sink.h */ = {isa = PBXFileReference; fileEncoding = 4; lastKnownFileType = sourcecode.c.h; path = android_sink.h; sourceTree = "<group>"; };
		C0BF922124E2517000824030 /* stdout_sinks-inl.h */ = {isa = PBXFileReference; fileEncoding = 4; lastKnownFileType = sourcecode.c.h; path = "stdout_sinks-inl.h"; sourceTree = "<group>"; };
		C0BF922224E2517000824030 /* sink.h */ = {isa = PBXFileReference; fileEncoding = 4; lastKnownFileType = sourcecode.c.h; path = sink.h; sourceTree = "<group>"; };
		C0BF922324E2517000824030 /* syslog_sink.h */ = {isa = PBXFileReference; fileEncoding = 4; lastKnownFileType = sourcecode.c.h; path = syslog_sink.h; sourceTree = "<group>"; };
		C0BF922424E2517000824030 /* dup_filter_sink.h */ = {isa = PBXFileReference; fileEncoding = 4; lastKnownFileType = sourcecode.c.h; path = dup_filter_sink.h; sourceTree = "<group>"; };
		C0BF922524E2517000824030 /* win_eventlog_sink.h */ = {isa = PBXFileReference; fileEncoding = 4; lastKnownFileType = sourcecode.c.h; path = win_eventlog_sink.h; sourceTree = "<group>"; };
		C0BF922624E2517000824030 /* stdout_color_sinks-inl.h */ = {isa = PBXFileReference; fileEncoding = 4; lastKnownFileType = sourcecode.c.h; path = "stdout_color_sinks-inl.h"; sourceTree = "<group>"; };
		C0BF922724E2517000824030 /* ostream_sink.h */ = {isa = PBXFileReference; fileEncoding = 4; lastKnownFileType = sourcecode.c.h; path = ostream_sink.h; sourceTree = "<group>"; };
		C0BF922824E2517000824030 /* rotating_file_sink-inl.h */ = {isa = PBXFileReference; fileEncoding = 4; lastKnownFileType = sourcecode.c.h; path = "rotating_file_sink-inl.h"; sourceTree = "<group>"; };
		C0BF922924E2517000824030 /* basic_file_sink-inl.h */ = {isa = PBXFileReference; fileEncoding = 4; lastKnownFileType = sourcecode.c.h; path = "basic_file_sink-inl.h"; sourceTree = "<group>"; };
		C0BF922A24E2517000824030 /* null_sink.h */ = {isa = PBXFileReference; fileEncoding = 4; lastKnownFileType = sourcecode.c.h; path = null_sink.h; sourceTree = "<group>"; };
		C0BF922B24E2517000824030 /* base_sink-inl.h */ = {isa = PBXFileReference; fileEncoding = 4; lastKnownFileType = sourcecode.c.h; path = "base_sink-inl.h"; sourceTree = "<group>"; };
		C0BF922C24E2517000824030 /* wincolor_sink.h */ = {isa = PBXFileReference; fileEncoding = 4; lastKnownFileType = sourcecode.c.h; path = wincolor_sink.h; sourceTree = "<group>"; };
		C0BF922D24E2517000824030 /* formatter.h */ = {isa = PBXFileReference; fileEncoding = 4; lastKnownFileType = sourcecode.c.h; path = formatter.h; sourceTree = "<group>"; };
		C0BF922E24E2517000824030 /* common-inl.h */ = {isa = PBXFileReference; fileEncoding = 4; lastKnownFileType = sourcecode.c.h; path = "common-inl.h"; sourceTree = "<group>"; };
		C0BF923024E2517000824030 /* log_msg_buffer-inl.h */ = {isa = PBXFileReference; fileEncoding = 4; lastKnownFileType = sourcecode.c.h; path = "log_msg_buffer-inl.h"; sourceTree = "<group>"; };
		C0BF923124E2517000824030 /* log_msg-inl.h */ = {isa = PBXFileReference; fileEncoding = 4; lastKnownFileType = sourcecode.c.h; path = "log_msg-inl.h"; sourceTree = "<group>"; };
		C0BF923224E2517000824030 /* file_helper.h */ = {isa = PBXFileReference; fileEncoding = 4; lastKnownFileType = sourcecode.c.h; path = file_helper.h; sourceTree = "<group>"; };
		C0BF923324E2517000824030 /* periodic_worker-inl.h */ = {isa = PBXFileReference; fileEncoding = 4; lastKnownFileType = sourcecode.c.h; path = "periodic_worker-inl.h"; sourceTree = "<group>"; };
		C0BF923424E2517000824030 /* periodic_worker.h */ = {isa = PBXFileReference; fileEncoding = 4; lastKnownFileType = sourcecode.c.h; path = periodic_worker.h; sourceTree = "<group>"; };
		C0BF923524E2517000824030 /* mpmc_blocking_q.h */ = {isa = PBXFileReference; fileEncoding = 4; lastKnownFileType = sourcecode.c.h; path = mpmc_blocking_q.h; sourceTree = "<group>"; };
		C0BF923624E2517000824030 /* os.h */ = {isa = PBXFileReference; fileEncoding = 4; lastKnownFileType = sourcecode.c.h; path = os.h; sourceTree = "<group>"; };
		C0BF923724E2517000824030 /* thread_pool-inl.h */ = {isa = PBXFileReference; fileEncoding = 4; lastKnownFileType = sourcecode.c.h; path = "thread_pool-inl.h"; sourceTree = "<group>"; };
		C0BF923824E2517000824030 /* fmt_helper.h */ = {isa = PBXFileReference; fileEncoding = 4; lastKnownFileType = sourcecode.c.h; path = fmt_helper.h; sourceTree = "<group>"; };
		C0BF923924E2517000824030 /* null_mutex.h */ = {isa = PBXFileReference; fileEncoding = 4; lastKnownFileType = sourcecode.c.h; path = null_mutex.h; sourceTree = "<group>"; };
		C0BF923A24E2517000824030 /* registry.h */ = {isa = PBXFileReference; fileEncoding = 4; lastKnownFileType = sourcecode.c.h; path = registry.h; sourceTree = "<group>"; };
		C0BF923B24E2517000824030 /* backtracer.h */ = {isa = PBXFileReference; fileEncoding = 4; lastKnownFileType = sourcecode.c.h; path = backtracer.h; sourceTree = "<group>"; };
		C0BF923C24E2517000824030 /* registry-inl.h */ = {isa = PBXFileReference; fileEncoding = 4; lastKnownFileType = sourcecode.c.h; path = "registry-inl.h"; sourceTree = "<group>"; };
		C0BF923D24E2517000824030 /* thread_pool.h */ = {isa = PBXFileReference; fileEncoding = 4; lastKnownFileType = sourcecode.c.h; path = thread_pool.h; sourceTree = "<group>"; };
		C0BF923E24E2517000824030 /* circular_q.h */ = {isa = PBXFileReference; fileEncoding = 4; lastKnownFileType = sourcecode.c.h; path = circular_q.h; sourceTree = "<group>"; };
		C0BF923F24E2517000824030 /* synchronous_factory.h */ = {isa = PBXFileReference; fileEncoding = 4; lastKnownFileType = sourcecode.c.h; path = synchronous_factory.h; sourceTree = "<group>"; };
		C0BF924024E2517000824030 /* os-inl.h */ = {isa = PBXFileReference; fileEncoding = 4; lastKnownFileType = sourcecode.c.h; path = "os-inl.h"; sourceTree = "<group>"; };
		C0BF924124E2517000824030 /* log_msg.h */ = {isa = PBXFileReference; fileEncoding = 4; lastKnownFileType = sourcecode.c.h; path = log_msg.h; sourceTree = "<group>"; };
		C0BF924224E2517000824030 /* backtracer-inl.h */ = {isa = PBXFileReference; fileEncoding = 4; lastKnownFileType = sourcecode.c.h; path = "backtracer-inl.h"; sourceTree = "<group>"; };
		C0BF924324E2517000824030 /* file_helper-inl.h */ = {isa = PBXFileReference; fileEncoding = 4; lastKnownFileType = sourcecode.c.h; path = "file_helper-inl.h"; sourceTree = "<group>"; };
		C0BF924424E2517000824030 /* log_msg_buffer.h */ = {isa = PBXFileReference; fileEncoding = 4; lastKnownFileType = sourcecode.c.h; path = log_msg_buffer.h; sourceTree = "<group>"; };
		C0BF924524E2517000824030 /* tcp_client.h */ = {isa = PBXFileReference; fileEncoding = 4; lastKnownFileType = sourcecode.c.h; path = tcp_client.h; sourceTree = "<group>"; };
		C0BF924624E2517000824030 /* console_globals.h */ = {isa = PBXFileReference; fileEncoding = 4; lastKnownFileType = sourcecode.c.h; path = console_globals.h; sourceTree = "<group>"; };
		C0BF924724E2517000824030 /* windows_include.h */ = {isa = PBXFileReference; fileEncoding = 4; lastKnownFileType = sourcecode.c.h; path = windows_include.h; sourceTree = "<group>"; };
		C0BF924824E2517000824030 /* tcp_client-windows.h */ = {isa = PBXFileReference; fileEncoding = 4; lastKnownFileType = sourcecode.c.h; path = "tcp_client-windows.h"; sourceTree = "<group>"; };
		C0BF924924E2517000824030 /* async_logger.h */ = {isa = PBXFileReference; fileEncoding = 4; lastKnownFileType = sourcecode.c.h; path = async_logger.h; sourceTree = "<group>"; };
		C0BF924B24E2517000824030 /* env.h */ = {isa = PBXFileReference; fileEncoding = 4; lastKnownFileType = sourcecode.c.h; path = env.h; sourceTree = "<group>"; };
		C0BF924C24E2517000824030 /* log_levels.h */ = {isa = PBXFileReference; fileEncoding = 4; lastKnownFileType = sourcecode.c.h; path = log_levels.h; sourceTree = "<group>"; };
		C0BF924D24E2517000824030 /* argv.h */ = {isa = PBXFileReference; fileEncoding = 4; lastKnownFileType = sourcecode.c.h; path = argv.h; sourceTree = "<group>"; };
		C0BF924E24E2517000824030 /* helpers-inl.h */ = {isa = PBXFileReference; fileEncoding = 4; lastKnownFileType = sourcecode.c.h; path = "helpers-inl.h"; sourceTree = "<group>"; };
		C0BF924F24E2517000824030 /* helpers.h */ = {isa = PBXFileReference; fileEncoding = 4; lastKnownFileType = sourcecode.c.h; path = helpers.h; sourceTree = "<group>"; };
		C0BF925024E2517000824030 /* tweakme.h */ = {isa = PBXFileReference; fileEncoding = 4; lastKnownFileType = sourcecode.c.h; path = tweakme.h; sourceTree = "<group>"; };
		C0BF925124E2517000824030 /* async.h */ = {isa = PBXFileReference; fileEncoding = 4; lastKnownFileType = sourcecode.c.h; path = async.h; sourceTree = "<group>"; };
		C0BF925224E2517000824030 /* common.h */ = {isa = PBXFileReference; fileEncoding = 4; lastKnownFileType = sourcecode.c.h; path = common.h; sourceTree = "<group>"; };
		C0BF925324E2517000824030 /* async_logger-inl.h */ = {isa = PBXFileReference; fileEncoding = 4; lastKnownFileType = sourcecode.c.h; path = "async_logger-inl.h"; sourceTree = "<group>"; };
		C0BF925424E2517000824030 /* pattern_formatter.h */ = {isa = PBXFileReference; fileEncoding = 4; lastKnownFileType = sourcecode.c.h; path = pattern_formatter.h; sourceTree = "<group>"; };
		C0BF925524E2517000824030 /* logger.h */ = {isa = PBXFileReference; fileEncoding = 4; lastKnownFileType = sourcecode.c.h; path = logger.h; sourceTree = "<group>"; };
		C0BF925624E2517000824030 /* spdlog-inl.h */ = {isa = PBXFileReference; fileEncoding = 4; lastKnownFileType = sourcecode.c.h; path = "spdlog-inl.h"; sourceTree = "<group>"; };
		C0BF925824E2517000824030 /* json.hpp */ = {isa = PBXFileReference; fileEncoding = 4; lastKnownFileType = sourcecode.cpp.h; path = json.hpp; sourceTree = "<group>"; };
		C0BF92C424E25F2500824030 /* shaderManager.mm */ = {isa = PBXFileReference; fileEncoding = 4; lastKnownFileType = sourcecode.cpp.objcpp; path = shaderManager.mm; sourceTree = "<group>"; };
		C0BF92C524E25F2500824030 /* textureManager.mm */ = {isa = PBXFileReference; fileEncoding = 4; lastKnownFileType = sourcecode.cpp.objcpp; path = textureManager.mm; sourceTree = "<group>"; };
		C0BF92C724E25F2500824030 /* meshManager.h */ = {isa = PBXFileReference; fileEncoding = 4; lastKnownFileType = sourcecode.c.h; path = meshManager.h; sourceTree = "<group>"; };
		C0BF92C824E25F2500824030 /* wavefrontobj.h */ = {isa = PBXFileReference; fileEncoding = 4; lastKnownFileType = sourcecode.c.h; path = wavefrontobj.h; sourceTree = "<group>"; };
		C0BF92C924E25F2500824030 /* wavefrontobj.mm */ = {isa = PBXFileReference; fileEncoding = 4; lastKnownFileType = sourcecode.cpp.objcpp; path = wavefrontobj.mm; sourceTree = "<group>"; };
		C0BF92CA24E25F2500824030 /* meshManager.mm */ = {isa = PBXFileReference; fileEncoding = 4; lastKnownFileType = sourcecode.cpp.objcpp; path = meshManager.mm; sourceTree = "<group>"; };
		C0BF92CB24E25F2500824030 /* handle.h */ = {isa = PBXFileReference; fileEncoding = 4; lastKnownFileType = sourcecode.c.h; path = handle.h; sourceTree = "<group>"; };
		C0BF92CC24E25F2500824030 /* shaderManager.h */ = {isa = PBXFileReference; fileEncoding = 4; lastKnownFileType = sourcecode.c.h; path = shaderManager.h; sourceTree = "<group>"; };
		C0BF92CD24E25F2500824030 /* textureManager.h */ = {isa = PBXFileReference; fileEncoding = 4; lastKnownFileType = sourcecode.c.h; path = textureManager.h; sourceTree = "<group>"; };
		C0BF92D824E261FF00824030 /* materialManager.mm */ = {isa = PBXFileReference; fileEncoding = 4; lastKnownFileType = sourcecode.cpp.objcpp; path = materialManager.mm; sourceTree = "<group>"; };
		C0BF92D924E261FF00824030 /* camera.mm */ = {isa = PBXFileReference; fileEncoding = 4; lastKnownFileType = sourcecode.cpp.objcpp; path = camera.mm; sourceTree = "<group>"; };
		C0BF92DA24E261FF00824030 /* camera.h */ = {isa = PBXFileReference; fileEncoding = 4; lastKnownFileType = sourcecode.c.h; path = camera.h; sourceTree = "<group>"; };
		C0BF92DB24E261FF00824030 /* renderingContext.mm */ = {isa = PBXFileReference; fileEncoding = 4; lastKnownFileType = sourcecode.cpp.objcpp; path = renderingContext.mm; sourceTree = "<group>"; };
		C0BF92DC24E261FF00824030 /* renderingContext.h */ = {isa = PBXFileReference; fileEncoding = 4; lastKnownFileType = sourcecode.c.h; path = renderingContext.h; sourceTree = "<group>"; };
		C0BF92DD24E261FF00824030 /* materialManager.h */ = {isa = PBXFileReference; fileEncoding = 4; lastKnownFileType = sourcecode.c.h; path = materialManager.h; sourceTree = "<group>"; };
		C0BF92E624E2625E00824030 /* engineContext.h */ = {isa = PBXFileReference; fileEncoding = 4; lastKnownFileType = sourcecode.c.h; path = engineContext.h; sourceTree = "<group>"; };
		C0BF92E724E2625E00824030 /* engineContext.mm */ = {isa = PBXFileReference; fileEncoding = 4; lastKnownFileType = sourcecode.cpp.objcpp; path = engineContext.mm; sourceTree = "<group>"; };
		C0BF92EC24E2652E00824030 /* MBEMathUtilities.h */ = {isa = PBXFileReference; fileEncoding = 4; lastKnownFileType = sourcecode.c.h; path = MBEMathUtilities.h; sourceTree = "<group>"; };
		C0BF92ED24E2652E00824030 /* MBEMathUtilities.mm */ = {isa = PBXFileReference; fileEncoding = 4; lastKnownFileType = sourcecode.cpp.objcpp; path = MBEMathUtilities.mm; sourceTree = "<group>"; };
		C0BF930524EA5EF900824030 /* linearBufferManager.cpp */ = {isa = PBXFileReference; fileEncoding = 4; lastKnownFileType = sourcecode.cpp.cpp; path = linearBufferManager.cpp; sourceTree = "<group>"; };
		C0BF930624EA5EF900824030 /* linearBufferManager.h */ = {isa = PBXFileReference; fileEncoding = 4; lastKnownFileType = sourcecode.c.h; path = linearBufferManager.h; sourceTree = "<group>"; };
		C0BF930724EA5EF900824030 /* resizableVector.h */ = {isa = PBXFileReference; fileEncoding = 4; lastKnownFileType = sourcecode.c.h; path = resizableVector.h; sourceTree = "<group>"; };
		C9EA9186765F8F4315FD8C42 /* GPUMemoryAllocator.h */ = {isa = PBXFileReference; fileEncoding = 4; lastKnownFileType = sourcecode.c.h; path = GPUMemoryAllocator.h; sourceTree = "<group>"; };
		C9EA921B3372A88C3258CD13 /* hierarchy.mm */ = {isa = PBXFileReference; fileEncoding = 4; lastKnownFileType = sourcecode.cpp.objcpp; path = hierarchy.mm; sourceTree = "<group>"; };
		C9EA93275D58B880991372D8 /* constantBufferManager.h */ = {isa = PBXFileReference; fileEncoding = 4; lastKnownFileType = sourcecode.c.h; path = constantBufferManager.h; sourceTree = "<group>"; };
		C9EA94AEC599CE853ABB8759 /* denseTree.mm */ = {isa = PBXFileReference; fileEncoding = 4; lastKnownFileType = sourcecode.cpp.objcpp; path = denseTree.mm; sourceTree = "<group>"; };
		C9EA95277E0D2C2763476702 /* GPUMemoryAllocator.mm */ = {isa = PBXFileReference; fileEncoding = 4; lastKnownFileType = sourcecode.cpp.objcpp; path = GPUMemoryAllocator.mm; sourceTree = "<group>"; };
		C9EA9E374315D47B394DAE73 /* core.h */ = {isa = PBXFileReference; fileEncoding = 4; lastKnownFileType = sourcecode.c.h; path = core.h; sourceTree = "<group>"; };
		C9EA9EE19873FC3BB9FAFD72 /* denseTree.h */ = {isa = PBXFileReference; fileEncoding = 4; lastKnownFileType = sourcecode.c.h; path = denseTree.h; sourceTree = "<group>"; };
		C9EA9F82584179A723F47455 /* constantBufferManager.mm */ = {isa = PBXFileReference; fileEncoding = 4; lastKnownFileType = sourcecode.cpp.objcpp; path = constantBufferManager.mm; sourceTree = "<group>"; };
		C9EA9FD86429E5F1AEF225F4 /* hierarchy.h */ = {isa = PBXFileReference; fileEncoding = 4; lastKnownFileType = sourcecode.c.h; path = hierarchy.h; sourceTree = "<group>"; };
/* End PBXFileReference section */

/* Begin PBXFrameworksBuildPhase section */
		C0BF91B724E1F34C00824030 /* Frameworks */ = {
			isa = PBXFrameworksBuildPhase;
			buildActionMask = 2147483647;
			files = (
			);
			runOnlyForDeploymentPostprocessing = 0;
		};
/* End PBXFrameworksBuildPhase section */

/* Begin PBXGroup section */
		C0BF91B024E1F34C00824030 = {
			isa = PBXGroup;
			children = (
				C0BF91BB24E1F34C00824030 /* SirMetalLib */,
				C0BF91BA24E1F34C00824030 /* Products */,
			);
			sourceTree = "<group>";
		};
		C0BF91BA24E1F34C00824030 /* Products */ = {
			isa = PBXGroup;
			children = (
				C0BF91B924E1F34C00824030 /* libSirMetalLib.a */,
			);
			name = Products;
			sourceTree = "<group>";
		};
		C0BF91BB24E1F34C00824030 /* SirMetalLib */ = {
			isa = PBXGroup;
			children = (
				C0BF92EC24E2652E00824030 /* MBEMathUtilities.h */,
				C0BF92ED24E2652E00824030 /* MBEMathUtilities.mm */,
				C0BF92E624E2625E00824030 /* engineContext.h */,
				C0BF92E724E2625E00824030 /* engineContext.mm */,
				C0BF92D724E261FF00824030 /* graphics */,
				C0BF92C324E25F2500824030 /* resources */,
				C0BF91E424E2517000824030 /* vendors */,
				C0BF91D224E1F98100824030 /* core */,
				C0BF91BC24E1F34C00824030 /* SirMetalLib.h */,
				C0BF91BE24E1F34C00824030 /* SirMetalLib.mm */,
				C9EA9FDE06AA4A15F3A0114E /* world */,
			);
			path = SirMetalLib;
			sourceTree = "<group>";
		};
		C0BF91D224E1F98100824030 /* core */ = {
			isa = PBXGroup;
			children = (
				C0BF91D324E1F98100824030 /* input.h */,
				C0BF91D424E1F98100824030 /* file.mm */,
				C0BF91D524E1F98100824030 /* flags.h */,
				C0BF91D624E1F98100824030 /* file.h */,
				C0BF91D724E1F98100824030 /* jsonParse.h */,
				C0BF91D824E1F98100824030 /* logging */,
				C9EA9D4FE16FD5CCDA4159CD /* memory */,
				C9EA9E374315D47B394DAE73 /* core.h */,
			);
			path = core;
			sourceTree = "<group>";
		};
		C0BF91D824E1F98100824030 /* logging */ = {
			isa = PBXGroup;
			children = (
				C0BF91D924E1F98100824030 /* bufferedLog.h */,
				C0BF91DA24E1F98100824030 /* log.mm */,
				C0BF91DB24E1F98100824030 /* log.h */,
			);
			path = logging;
			sourceTree = "<group>";
		};
		C0BF91E424E2517000824030 /* vendors */ = {
			isa = PBXGroup;
			children = (
				C0BF91E524E2517000824030 /* meshoptimizer */,
				C0BF91F624E2517000824030 /* objparser */,
				C0BF91F924E2517000824030 /* spdlog */,
				C0BF925724E2517000824030 /* json */,
			);
			path = vendors;
			sourceTree = "<group>";
		};
		C0BF91E524E2517000824030 /* meshoptimizer */ = {
			isa = PBXGroup;
			children = (
				C0BF91E624E2517000824030 /* vertexfilter.cpp */,
				C0BF91E724E2517000824030 /* vertexcodec.cpp */,
				C0BF91E824E2517000824030 /* overdrawanalyzer.cpp */,
				C0BF91E924E2517000824030 /* vcacheoptimizer.cpp */,
				C0BF91EA24E2517000824030 /* overdrawoptimizer.cpp */,
				C0BF91EB24E2517000824030 /* meshoptimizer.h */,
				C0BF91EC24E2517000824030 /* stripifier.cpp */,
				C0BF91ED24E2517000824030 /* vcacheanalyzer.cpp */,
				C0BF91EE24E2517000824030 /* indexcodec.cpp */,
				C0BF91EF24E2517000824030 /* vfetchoptimizer.cpp */,
				C0BF91F024E2517000824030 /* allocator.cpp */,
				C0BF91F124E2517000824030 /* spatialorder.cpp */,
				C0BF91F224E2517000824030 /* indexgenerator.cpp */,
				C0BF91F324E2517000824030 /* vfetchanalyzer.cpp */,
				C0BF91F424E2517000824030 /* clusterizer.cpp */,
				C0BF91F524E2517000824030 /* simplifier.cpp */,
			);
			path = meshoptimizer;
			sourceTree = "<group>";
		};
		C0BF91F624E2517000824030 /* objparser */ = {
			isa = PBXGroup;
			children = (
				C0BF91F724E2517000824030 /* objparser.mm */,
				C0BF91F824E2517000824030 /* objparser.h */,
			);
			path = objparser;
			sourceTree = "<group>";
		};
		C0BF91F924E2517000824030 /* spdlog */ = {
			isa = PBXGroup;
			children = (
				C0BF91FA24E2517000824030 /* pattern_formatter-inl.h */,
				C0BF91FB24E2517000824030 /* fwd.h */,
				C0BF91FC24E2517000824030 /* version.h */,
				C0BF91FD24E2517000824030 /* spdlog.h */,
				C0BF91FE24E2517000824030 /* fmt */,
				C0BF920F24E2517000824030 /* logger-inl.h */,
				C0BF921024E2517000824030 /* sinks */,
				C0BF922D24E2517000824030 /* formatter.h */,
				C0BF922E24E2517000824030 /* common-inl.h */,
				C0BF922F24E2517000824030 /* details */,
				C0BF924924E2517000824030 /* async_logger.h */,
				C0BF924A24E2517000824030 /* cfg */,
				C0BF925024E2517000824030 /* tweakme.h */,
				C0BF925124E2517000824030 /* async.h */,
				C0BF925224E2517000824030 /* common.h */,
				C0BF925324E2517000824030 /* async_logger-inl.h */,
				C0BF925424E2517000824030 /* pattern_formatter.h */,
				C0BF925524E2517000824030 /* logger.h */,
				C0BF925624E2517000824030 /* spdlog-inl.h */,
			);
			path = spdlog;
			sourceTree = "<group>";
		};
		C0BF91FE24E2517000824030 /* fmt */ = {
			isa = PBXGroup;
			children = (
				C0BF91FF24E2517000824030 /* bin_to_hex.h */,
				C0BF920024E2517000824030 /* bundled */,
				C0BF920D24E2517000824030 /* fmt.h */,
				C0BF920E24E2517000824030 /* ostr.h */,
			);
			path = fmt;
			sourceTree = "<group>";
		};
		C0BF920024E2517000824030 /* bundled */ = {
			isa = PBXGroup;
			children = (
				C0BF920124E2517000824030 /* ostream.h */,
				C0BF920224E2517000824030 /* format-inl.h */,
				C0BF920324E2517000824030 /* ranges.h */,
				C0BF920424E2517000824030 /* core.h */,
				C0BF920524E2517000824030 /* locale.h */,
				C0BF920624E2517000824030 /* chrono.h */,
				C0BF920724E2517000824030 /* color.h */,
				C0BF920824E2517000824030 /* printf.h */,
				C0BF920924E2517000824030 /* compile.h */,
				C0BF920A24E2517000824030 /* posix.h */,
				C0BF920B24E2517000824030 /* LICENSE.rst */,
				C0BF920C24E2517000824030 /* format.h */,
			);
			path = bundled;
			sourceTree = "<group>";
		};
		C0BF921024E2517000824030 /* sinks */ = {
			isa = PBXGroup;
			children = (
				C0BF921124E2517000824030 /* ansicolor_sink-inl.h */,
				C0BF921224E2517000824030 /* stdout_sinks.h */,
				C0BF921324E2517000824030 /* basic_file_sink.h */,
				C0BF921424E2517000824030 /* rotating_file_sink.h */,
				C0BF921524E2517000824030 /* daily_file_sink.h */,
				C0BF921624E2517000824030 /* ringbuffer_sink.h */,
				C0BF921724E2517000824030 /* ansicolor_sink.h */,
				C0BF921824E2517000824030 /* systemd_sink.h */,
				C0BF921924E2517000824030 /* base_sink.h */,
				C0BF921A24E2517000824030 /* stdout_color_sinks.h */,
				C0BF921B24E2517000824030 /* dist_sink.h */,
				C0BF921C24E2517000824030 /* msvc_sink.h */,
				C0BF921D24E2517000824030 /* tcp_sink.h */,
				C0BF921E24E2517000824030 /* sink-inl.h */,
				C0BF921F24E2517000824030 /* wincolor_sink-inl.h */,
				C0BF922024E2517000824030 /* android_sink.h */,
				C0BF922124E2517000824030 /* stdout_sinks-inl.h */,
				C0BF922224E2517000824030 /* sink.h */,
				C0BF922324E2517000824030 /* syslog_sink.h */,
				C0BF922424E2517000824030 /* dup_filter_sink.h */,
				C0BF922524E2517000824030 /* win_eventlog_sink.h */,
				C0BF922624E2517000824030 /* stdout_color_sinks-inl.h */,
				C0BF922724E2517000824030 /* ostream_sink.h */,
				C0BF922824E2517000824030 /* rotating_file_sink-inl.h */,
				C0BF922924E2517000824030 /* basic_file_sink-inl.h */,
				C0BF922A24E2517000824030 /* null_sink.h */,
				C0BF922B24E2517000824030 /* base_sink-inl.h */,
				C0BF922C24E2517000824030 /* wincolor_sink.h */,
			);
			path = sinks;
			sourceTree = "<group>";
		};
		C0BF922F24E2517000824030 /* details */ = {
			isa = PBXGroup;
			children = (
				C0BF923024E2517000824030 /* log_msg_buffer-inl.h */,
				C0BF923124E2517000824030 /* log_msg-inl.h */,
				C0BF923224E2517000824030 /* file_helper.h */,
				C0BF923324E2517000824030 /* periodic_worker-inl.h */,
				C0BF923424E2517000824030 /* periodic_worker.h */,
				C0BF923524E2517000824030 /* mpmc_blocking_q.h */,
				C0BF923624E2517000824030 /* os.h */,
				C0BF923724E2517000824030 /* thread_pool-inl.h */,
				C0BF923824E2517000824030 /* fmt_helper.h */,
				C0BF923924E2517000824030 /* null_mutex.h */,
				C0BF923A24E2517000824030 /* registry.h */,
				C0BF923B24E2517000824030 /* backtracer.h */,
				C0BF923C24E2517000824030 /* registry-inl.h */,
				C0BF923D24E2517000824030 /* thread_pool.h */,
				C0BF923E24E2517000824030 /* circular_q.h */,
				C0BF923F24E2517000824030 /* synchronous_factory.h */,
				C0BF924024E2517000824030 /* os-inl.h */,
				C0BF924124E2517000824030 /* log_msg.h */,
				C0BF924224E2517000824030 /* backtracer-inl.h */,
				C0BF924324E2517000824030 /* file_helper-inl.h */,
				C0BF924424E2517000824030 /* log_msg_buffer.h */,
				C0BF924524E2517000824030 /* tcp_client.h */,
				C0BF924624E2517000824030 /* console_globals.h */,
				C0BF924724E2517000824030 /* windows_include.h */,
				C0BF924824E2517000824030 /* tcp_client-windows.h */,
			);
			path = details;
			sourceTree = "<group>";
		};
		C0BF924A24E2517000824030 /* cfg */ = {
			isa = PBXGroup;
			children = (
				C0BF924B24E2517000824030 /* env.h */,
				C0BF924C24E2517000824030 /* log_levels.h */,
				C0BF924D24E2517000824030 /* argv.h */,
				C0BF924E24E2517000824030 /* helpers-inl.h */,
				C0BF924F24E2517000824030 /* helpers.h */,
			);
			path = cfg;
			sourceTree = "<group>";
		};
		C0BF925724E2517000824030 /* json */ = {
			isa = PBXGroup;
			children = (
				C0BF925824E2517000824030 /* json.hpp */,
			);
			path = json;
			sourceTree = "<group>";
		};
		C0BF92C324E25F2500824030 /* resources */ = {
			isa = PBXGroup;
			children = (
				C0BF92C424E25F2500824030 /* shaderManager.mm */,
				C0BF92C524E25F2500824030 /* textureManager.mm */,
				C0BF92C624E25F2500824030 /* meshes */,
				C0BF92CB24E25F2500824030 /* handle.h */,
				C0BF92CC24E25F2500824030 /* shaderManager.h */,
				C0BF92CD24E25F2500824030 /* textureManager.h */,
			);
			path = resources;
			sourceTree = "<group>";
		};
		C0BF92C624E25F2500824030 /* meshes */ = {
			isa = PBXGroup;
			children = (
				C0BF92C724E25F2500824030 /* meshManager.h */,
				C0BF92C824E25F2500824030 /* wavefrontobj.h */,
				C0BF92C924E25F2500824030 /* wavefrontobj.mm */,
				C0BF92CA24E25F2500824030 /* meshManager.mm */,
			);
			path = meshes;
			sourceTree = "<group>";
		};
		C0BF92D724E261FF00824030 /* graphics */ = {
			isa = PBXGroup;
			children = (
				C0BF92D824E261FF00824030 /* materialManager.mm */,
				C0BF92D924E261FF00824030 /* camera.mm */,
				C0BF92DA24E261FF00824030 /* camera.h */,
				C0BF92DB24E261FF00824030 /* renderingContext.mm */,
				C0BF92DC24E261FF00824030 /* renderingContext.h */,
				C0BF92DD24E261FF00824030 /* materialManager.h */,
				C9EA9F82584179A723F47455 /* constantBufferManager.mm */,
				C9EA93275D58B880991372D8 /* constantBufferManager.h */,
			);
			path = graphics;
			sourceTree = "<group>";
		};
		C0BF930424EA5EF900824030 /* cpu */ = {
			isa = PBXGroup;
			children = (
				C0BF930524EA5EF900824030 /* linearBufferManager.cpp */,
				C0BF930624EA5EF900824030 /* linearBufferManager.h */,
				C0BF930724EA5EF900824030 /* resizableVector.h */,
			);
			path = cpu;
			sourceTree = "<group>";
		};
		C9EA9D4FE16FD5CCDA4159CD /* memory */ = {
			isa = PBXGroup;
			children = (
				C0BF930424EA5EF900824030 /* cpu */,
				C9EA94AEC599CE853ABB8759 /* denseTree.mm */,
				C9EA9EE19873FC3BB9FAFD72 /* denseTree.h */,
				C9EA9DB34ACF6E28642AA203 /* gpu */,
			);
			path = memory;
			sourceTree = "<group>";
		};
		C9EA9DB34ACF6E28642AA203 /* gpu */ = {
			isa = PBXGroup;
			children = (
				C9EA95277E0D2C2763476702 /* GPUMemoryAllocator.mm */,
				C9EA9186765F8F4315FD8C42 /* GPUMemoryAllocator.h */,
			);
			path = gpu;
			sourceTree = "<group>";
		};
		C9EA9FDE06AA4A15F3A0114E /* world */ = {
			isa = PBXGroup;
			children = (
				C9EA921B3372A88C3258CD13 /* hierarchy.mm */,
				C9EA9FD86429E5F1AEF225F4 /* hierarchy.h */,
			);
			path = world;
			sourceTree = "<group>";
		};
/* End PBXGroup section */

/* Begin PBXHeadersBuildPhase section */
		C0BF91B524E1F34C00824030 /* Headers */ = {
			isa = PBXHeadersBuildPhase;
			buildActionMask = 2147483647;
			files = (
				C0BF929024E2517100824030 /* syslog_sink.h in Headers */,
				C0BF928724E2517100824030 /* stdout_color_sinks.h in Headers */,
				C0BF927924E2517100824030 /* posix.h in Headers */,
				C0BF929C24E2517100824030 /* log_msg_buffer-inl.h in Headers */,
				C0BF92A724E2517100824030 /* backtracer.h in Headers */,
				C0BF928E24E2517100824030 /* stdout_sinks-inl.h in Headers */,
				C0BF929724E2517100824030 /* null_sink.h in Headers */,
				C0BF92B124E2517100824030 /* tcp_client.h in Headers */,
				C0BF927224E2517100824030 /* ranges.h in Headers */,
				C0BF92B824E2517100824030 /* argv.h in Headers */,
				C0BF928424E2517100824030 /* ansicolor_sink.h in Headers */,
				C0BF926C24E2517100824030 /* fwd.h in Headers */,
				C0BF92BE24E2517100824030 /* async_logger-inl.h in Headers */,
				C0BF928824E2517100824030 /* dist_sink.h in Headers */,
				C0BF928F24E2517100824030 /* sink.h in Headers */,
				C0BF929D24E2517100824030 /* log_msg-inl.h in Headers */,
				C0BF92A324E2517100824030 /* thread_pool-inl.h in Headers */,
				C0BF92B024E2517100824030 /* log_msg_buffer.h in Headers */,
				C0BF92C024E2517100824030 /* logger.h in Headers */,
				C0BF92A124E2517100824030 /* mpmc_blocking_q.h in Headers */,
				C0BF929124E2517100824030 /* dup_filter_sink.h in Headers */,
				C0BF92EE24E2652E00824030 /* MBEMathUtilities.h in Headers */,
				C0BF92D024E25F2500824030 /* meshManager.h in Headers */,
				C0BF930A24EA5EF900824030 /* resizableVector.h in Headers */,
				C0BF926D24E2517100824030 /* version.h in Headers */,
				C0BF92BC24E2517100824030 /* async.h in Headers */,
				C0BF92A424E2517100824030 /* fmt_helper.h in Headers */,
				C0BF928524E2517100824030 /* systemd_sink.h in Headers */,
				C0BF92D424E25F2500824030 /* handle.h in Headers */,
				C0BF92A624E2517100824030 /* registry.h in Headers */,
				C0BF927724E2517100824030 /* printf.h in Headers */,
				C0BF92C124E2517100824030 /* spdlog-inl.h in Headers */,
				C0BF92C224E2517100824030 /* json.hpp in Headers */,
				C0BF92A524E2517100824030 /* null_mutex.h in Headers */,
				C0BF928124E2517100824030 /* rotating_file_sink.h in Headers */,
				C0BF927A24E2517100824030 /* format.h in Headers */,
				C0BF92AF24E2517100824030 /* file_helper-inl.h in Headers */,
				C0BF928324E2517100824030 /* ringbuffer_sink.h in Headers */,
				C0BF92D624E25F2500824030 /* textureManager.h in Headers */,
				C0BF92A024E2517100824030 /* periodic_worker.h in Headers */,
				C0BF92B924E2517100824030 /* helpers-inl.h in Headers */,
				C0BF927D24E2517100824030 /* logger-inl.h in Headers */,
				C0BF927524E2517100824030 /* chrono.h in Headers */,
				C0BF927824E2517100824030 /* compile.h in Headers */,
				C0BF92B724E2517100824030 /* log_levels.h in Headers */,
				C0BF92E224E261FF00824030 /* renderingContext.h in Headers */,
				C0BF92BA24E2517100824030 /* helpers.h in Headers */,
				C0BF91E024E1F98100824030 /* jsonParse.h in Headers */,
				C0BF92B524E2517100824030 /* async_logger.h in Headers */,
				C0BF92B324E2517100824030 /* windows_include.h in Headers */,
				C0BF926F24E2517100824030 /* bin_to_hex.h in Headers */,
				C0BF928024E2517100824030 /* basic_file_sink.h in Headers */,
				C0BF92E324E261FF00824030 /* materialManager.h in Headers */,
				C0BF926E24E2517100824030 /* spdlog.h in Headers */,
				C0BF91E324E1F98100824030 /* log.h in Headers */,
				C0BF92D124E25F2500824030 /* wavefrontobj.h in Headers */,
				C0BF929E24E2517100824030 /* file_helper.h in Headers */,
				C0BF92B224E2517100824030 /* console_globals.h in Headers */,
				C0BF927C24E2517100824030 /* ostr.h in Headers */,
				C0BF92A924E2517100824030 /* thread_pool.h in Headers */,
				C0BF92AE24E2517100824030 /* backtracer-inl.h in Headers */,
				C0BF926A24E2517100824030 /* objparser.h in Headers */,
				C0BF927024E2517100824030 /* ostream.h in Headers */,
				C0BF91DF24E1F98100824030 /* file.h in Headers */,
				C0BF928C24E2517100824030 /* wincolor_sink-inl.h in Headers */,
				C0BF929824E2517100824030 /* base_sink-inl.h in Headers */,
				C0BF91E124E1F98100824030 /* bufferedLog.h in Headers */,
				C0BF927624E2517100824030 /* color.h in Headers */,
				C0BF929424E2517100824030 /* ostream_sink.h in Headers */,
				C0BF92B624E2517100824030 /* env.h in Headers */,
				C0BF91DE24E1F98100824030 /* flags.h in Headers */,
				C0BF927E24E2517100824030 /* ansicolor_sink-inl.h in Headers */,
				C0BF927B24E2517100824030 /* fmt.h in Headers */,
				C0BF927124E2517100824030 /* format-inl.h in Headers */,
				C0BF925E24E2517000824030 /* meshoptimizer.h in Headers */,
				C0BF92BD24E2517100824030 /* common.h in Headers */,
				C0BF929624E2517100824030 /* basic_file_sink-inl.h in Headers */,
				C0BF929324E2517100824030 /* stdout_color_sinks-inl.h in Headers */,
				C0BF928624E2517100824030 /* base_sink.h in Headers */,
				C0BF928224E2517100824030 /* daily_file_sink.h in Headers */,
				C0BF927F24E2517100824030 /* stdout_sinks.h in Headers */,
				C0BF91BD24E1F34C00824030 /* SirMetalLib.h in Headers */,
				C0BF92D524E25F2500824030 /* shaderManager.h in Headers */,
				C0BF928B24E2517100824030 /* sink-inl.h in Headers */,
				C0BF92A824E2517100824030 /* registry-inl.h in Headers */,
				C0BF928D24E2517100824030 /* android_sink.h in Headers */,
				C0BF92BB24E2517100824030 /* tweakme.h in Headers */,
				C0BF92AC24E2517100824030 /* os-inl.h in Headers */,
				C0BF927324E2517100824030 /* core.h in Headers */,
				C0BF929524E2517100824030 /* rotating_file_sink-inl.h in Headers */,
				C0BF929224E2517100824030 /* win_eventlog_sink.h in Headers */,
				C0BF92AD24E2517100824030 /* log_msg.h in Headers */,
				C0BF92BF24E2517100824030 /* pattern_formatter.h in Headers */,
				C0BF926B24E2517100824030 /* pattern_formatter-inl.h in Headers */,
				C0BF92E024E261FF00824030 /* camera.h in Headers */,
				C0BF92EA24E2625E00824030 /* engineContext.h in Headers */,
				C0BF91DC24E1F98100824030 /* input.h in Headers */,
				C0BF929A24E2517100824030 /* formatter.h in Headers */,
				C0BF92A224E2517100824030 /* os.h in Headers */,
				C0BF928A24E2517100824030 /* tcp_sink.h in Headers */,
				C0BF92AB24E2517100824030 /* synchronous_factory.h in Headers */,
				C0BF92B424E2517100824030 /* tcp_client-windows.h in Headers */,
				C0BF928924E2517100824030 /* msvc_sink.h in Headers */,
				C0BF92AA24E2517100824030 /* circular_q.h in Headers */,
				C0BF929924E2517100824030 /* wincolor_sink.h in Headers */,
				C0BF927424E2517100824030 /* locale.h in Headers */,
				C0BF929B24E2517100824030 /* common-inl.h in Headers */,
				C0BF929F24E2517100824030 /* periodic_worker-inl.h in Headers */,
				C0BF930924EA5EF900824030 /* linearBufferManager.h in Headers */,
				C9EA91BEA3AA6B7D36458880 /* denseTree.h in Headers */,
				C9EA9835208AA3AEA2258EB9 /* hierarchy.h in Headers */,
				C9EA96D6EB4E663CA2A4858C /* constantBufferManager.h in Headers */,
				C9EA94DAA17767E39072358D /* GPUMemoryAllocator.h in Headers */,
				C9EA9BC3E7ED186368FA9F4B /* core.h in Headers */,
			);
			runOnlyForDeploymentPostprocessing = 0;
		};
/* End PBXHeadersBuildPhase section */

/* Begin PBXNativeTarget section */
		C0BF91B824E1F34C00824030 /* SirMetalLib */ = {
			isa = PBXNativeTarget;
			buildConfigurationList = C0BF91C224E1F34C00824030 /* Build configuration list for PBXNativeTarget "SirMetalLib" */;
			buildPhases = (
				C0BF91B524E1F34C00824030 /* Headers */,
				C0BF91B624E1F34C00824030 /* Sources */,
				C0BF91B724E1F34C00824030 /* Frameworks */,
			);
			buildRules = (
			);
			dependencies = (
			);
			name = SirMetalLib;
			productName = SirMetalLib;
			productReference = C0BF91B924E1F34C00824030 /* libSirMetalLib.a */;
			productType = "com.apple.product-type.library.static";
		};
/* End PBXNativeTarget section */

/* Begin PBXProject section */
		C0BF91B124E1F34C00824030 /* Project object */ = {
			isa = PBXProject;
			attributes = {
				LastUpgradeCheck = 1150;
				ORGANIZATIONNAME = "Marco Giordano";
				TargetAttributes = {
					C0BF91B824E1F34C00824030 = {
						CreatedOnToolsVersion = 11.5;
					};
				};
			};
			buildConfigurationList = C0BF91B424E1F34C00824030 /* Build configuration list for PBXProject "SirMetalLib" */;
			compatibilityVersion = "Xcode 9.3";
			developmentRegion = en;
			hasScannedForEncodings = 0;
			knownRegions = (
				en,
				Base,
			);
			mainGroup = C0BF91B024E1F34C00824030;
			productRefGroup = C0BF91BA24E1F34C00824030 /* Products */;
			projectDirPath = "";
			projectRoot = "";
			targets = (
				C0BF91B824E1F34C00824030 /* SirMetalLib */,
			);
		};
/* End PBXProject section */

/* Begin PBXSourcesBuildPhase section */
		C0BF91B624E1F34C00824030 /* Sources */ = {
			isa = PBXSourcesBuildPhase;
			buildActionMask = 2147483647;
			files = (
				C0BF930824EA5EF900824030 /* linearBufferManager.cpp in Sources */,
				C0BF91E224E1F98100824030 /* log.mm in Sources */,
				C0BF926424E2517000824030 /* spatialorder.cpp in Sources */,
				C0BF926924E2517100824030 /* objparser.mm in Sources */,
				C0BF925C24E2517000824030 /* vcacheoptimizer.cpp in Sources */,
				C0BF92CF24E25F2500824030 /* textureManager.mm in Sources */,
				C0BF92EF24E2652E00824030 /* MBEMathUtilities.mm in Sources */,
				C0BF925924E2517000824030 /* vertexfilter.cpp in Sources */,
				C0BF92E124E261FF00824030 /* renderingContext.mm in Sources */,
				C0BF926724E2517100824030 /* clusterizer.cpp in Sources */,
				C0BF925F24E2517000824030 /* stripifier.cpp in Sources */,
				C0BF925D24E2517000824030 /* overdrawoptimizer.cpp in Sources */,
				C0BF926524E2517100824030 /* indexgenerator.cpp in Sources */,
				C0BF926024E2517000824030 /* vcacheanalyzer.cpp in Sources */,
				C0BF91BF24E1F34C00824030 /* SirMetalLib.mm in Sources */,
				C0BF92DE24E261FF00824030 /* materialManager.mm in Sources */,
				C0BF92EB24E2625E00824030 /* engineContext.mm in Sources */,
				C0BF926624E2517100824030 /* vfetchanalyzer.cpp in Sources */,
				C0BF926224E2517000824030 /* vfetchoptimizer.cpp in Sources */,
				C0BF926124E2517000824030 /* indexcodec.cpp in Sources */,
				C0BF92D324E25F2500824030 /* meshManager.mm in Sources */,
				C0BF92DF24E261FF00824030 /* camera.mm in Sources */,
				C0BF926324E2517000824030 /* allocator.cpp in Sources */,
				C0BF91DD24E1F98100824030 /* file.mm in Sources */,
				C0BF925A24E2517000824030 /* vertexcodec.cpp in Sources */,
				C0BF925B24E2517000824030 /* overdrawanalyzer.cpp in Sources */,
				C0BF92CE24E25F2500824030 /* shaderManager.mm in Sources */,
				C0BF92D224E25F2500824030 /* wavefrontobj.mm in Sources */,
				C0BF926824E2517100824030 /* simplifier.cpp in Sources */,
				C9EA9F6627E488144AD2AA34 /* denseTree.mm in Sources */,
				C9EA981EDA4F351A5F8D1D0B /* hierarchy.mm in Sources */,
				C9EA9D4E1F17886FD2A55F09 /* constantBufferManager.mm in Sources */,
				C9EA943B879C14F0B4489589 /* GPUMemoryAllocator.mm in Sources */,
			);
			runOnlyForDeploymentPostprocessing = 0;
		};
/* End PBXSourcesBuildPhase section */

/* Begin XCBuildConfiguration section */
		C0BF91C024E1F34C00824030 /* Debug */ = {
			isa = XCBuildConfiguration;
			buildSettings = {
				ALWAYS_SEARCH_USER_PATHS = NO;
				CLANG_ANALYZER_NONNULL = YES;
				CLANG_ANALYZER_NUMBER_OBJECT_CONVERSION = YES_AGGRESSIVE;
				CLANG_CXX_LANGUAGE_STANDARD = "gnu++14";
				CLANG_CXX_LIBRARY = "libc++";
				CLANG_ENABLE_MODULES = YES;
				CLANG_ENABLE_OBJC_ARC = YES;
				CLANG_ENABLE_OBJC_WEAK = YES;
				CLANG_WARN_BLOCK_CAPTURE_AUTORELEASING = YES;
				CLANG_WARN_BOOL_CONVERSION = YES;
				CLANG_WARN_COMMA = YES;
				CLANG_WARN_CONSTANT_CONVERSION = YES;
				CLANG_WARN_DEPRECATED_OBJC_IMPLEMENTATIONS = YES;
				CLANG_WARN_DIRECT_OBJC_ISA_USAGE = YES_ERROR;
				CLANG_WARN_DOCUMENTATION_COMMENTS = YES;
				CLANG_WARN_EMPTY_BODY = YES;
				CLANG_WARN_ENUM_CONVERSION = YES;
				CLANG_WARN_INFINITE_RECURSION = YES;
				CLANG_WARN_INT_CONVERSION = YES;
				CLANG_WARN_NON_LITERAL_NULL_CONVERSION = YES;
				CLANG_WARN_OBJC_IMPLICIT_RETAIN_SELF = YES;
				CLANG_WARN_OBJC_LITERAL_CONVERSION = YES;
				CLANG_WARN_OBJC_ROOT_CLASS = YES_ERROR;
				CLANG_WARN_RANGE_LOOP_ANALYSIS = YES;
				CLANG_WARN_STRICT_PROTOTYPES = YES;
				CLANG_WARN_SUSPICIOUS_MOVE = YES;
				CLANG_WARN_UNGUARDED_AVAILABILITY = YES_AGGRESSIVE;
				CLANG_WARN_UNREACHABLE_CODE = YES;
				CLANG_WARN__DUPLICATE_METHOD_MATCH = YES;
				COPY_PHASE_STRIP = NO;
				DEBUG_INFORMATION_FORMAT = dwarf;
				ENABLE_STRICT_OBJC_MSGSEND = YES;
				ENABLE_TESTABILITY = YES;
				GCC_C_LANGUAGE_STANDARD = gnu11;
				GCC_DYNAMIC_NO_PIC = NO;
				GCC_NO_COMMON_BLOCKS = YES;
				GCC_OPTIMIZATION_LEVEL = 0;
				GCC_PREPROCESSOR_DEFINITIONS = (
					"DEBUG=1",
					"$(inherited)",
				);
				GCC_WARN_64_TO_32_BIT_CONVERSION = YES;
				GCC_WARN_ABOUT_RETURN_TYPE = YES_ERROR;
				GCC_WARN_UNDECLARED_SELECTOR = YES;
				GCC_WARN_UNINITIALIZED_AUTOS = YES_AGGRESSIVE;
				GCC_WARN_UNUSED_FUNCTION = YES;
				GCC_WARN_UNUSED_VARIABLE = YES;
				HEADER_SEARCH_PATHS = "";
				MACOSX_DEPLOYMENT_TARGET = 10.15;
				MTL_ENABLE_DEBUG_INFO = INCLUDE_SOURCE;
				MTL_FAST_MATH = YES;
				ONLY_ACTIVE_ARCH = YES;
				SDKROOT = macosx;
			};
			name = Debug;
		};
		C0BF91C124E1F34C00824030 /* Release */ = {
			isa = XCBuildConfiguration;
			buildSettings = {
				ALWAYS_SEARCH_USER_PATHS = NO;
				CLANG_ANALYZER_NONNULL = YES;
				CLANG_ANALYZER_NUMBER_OBJECT_CONVERSION = YES_AGGRESSIVE;
				CLANG_CXX_LANGUAGE_STANDARD = "gnu++14";
				CLANG_CXX_LIBRARY = "libc++";
				CLANG_ENABLE_MODULES = YES;
				CLANG_ENABLE_OBJC_ARC = YES;
				CLANG_ENABLE_OBJC_WEAK = YES;
				CLANG_WARN_BLOCK_CAPTURE_AUTORELEASING = YES;
				CLANG_WARN_BOOL_CONVERSION = YES;
				CLANG_WARN_COMMA = YES;
				CLANG_WARN_CONSTANT_CONVERSION = YES;
				CLANG_WARN_DEPRECATED_OBJC_IMPLEMENTATIONS = YES;
				CLANG_WARN_DIRECT_OBJC_ISA_USAGE = YES_ERROR;
				CLANG_WARN_DOCUMENTATION_COMMENTS = YES;
				CLANG_WARN_EMPTY_BODY = YES;
				CLANG_WARN_ENUM_CONVERSION = YES;
				CLANG_WARN_INFINITE_RECURSION = YES;
				CLANG_WARN_INT_CONVERSION = YES;
				CLANG_WARN_NON_LITERAL_NULL_CONVERSION = YES;
				CLANG_WARN_OBJC_IMPLICIT_RETAIN_SELF = YES;
				CLANG_WARN_OBJC_LITERAL_CONVERSION = YES;
				CLANG_WARN_OBJC_ROOT_CLASS = YES_ERROR;
				CLANG_WARN_RANGE_LOOP_ANALYSIS = YES;
				CLANG_WARN_STRICT_PROTOTYPES = YES;
				CLANG_WARN_SUSPICIOUS_MOVE = YES;
				CLANG_WARN_UNGUARDED_AVAILABILITY = YES_AGGRESSIVE;
				CLANG_WARN_UNREACHABLE_CODE = YES;
				CLANG_WARN__DUPLICATE_METHOD_MATCH = YES;
				COPY_PHASE_STRIP = NO;
				DEBUG_INFORMATION_FORMAT = "dwarf-with-dsym";
				ENABLE_NS_ASSERTIONS = NO;
				ENABLE_STRICT_OBJC_MSGSEND = YES;
				GCC_C_LANGUAGE_STANDARD = gnu11;
				GCC_NO_COMMON_BLOCKS = YES;
				GCC_WARN_64_TO_32_BIT_CONVERSION = YES;
				GCC_WARN_ABOUT_RETURN_TYPE = YES_ERROR;
				GCC_WARN_UNDECLARED_SELECTOR = YES;
				GCC_WARN_UNINITIALIZED_AUTOS = YES_AGGRESSIVE;
				GCC_WARN_UNUSED_FUNCTION = YES;
				GCC_WARN_UNUSED_VARIABLE = YES;
				HEADER_SEARCH_PATHS = "";
				MACOSX_DEPLOYMENT_TARGET = 10.15;
				MTL_ENABLE_DEBUG_INFO = NO;
				MTL_FAST_MATH = YES;
				SDKROOT = macosx;
			};
			name = Release;
		};
		C0BF91C324E1F34C00824030 /* Debug */ = {
			isa = XCBuildConfiguration;
			buildSettings = {
				CODE_SIGN_STYLE = Automatic;
				DEVELOPMENT_TEAM = XXL4SLD26M;
				EXECUTABLE_PREFIX = lib;
				FRAMEWORK_SEARCH_PATHS = "";
				HEADER_SEARCH_PATHS = "";
				PRODUCT_NAME = "$(TARGET_NAME)";
				SKIP_INSTALL = YES;
				SYSTEM_FRAMEWORK_SEARCH_PATHS = "";
				SYSTEM_HEADER_SEARCH_PATHS = (
					"$(SRCROOT)/",
					"$(SRCROOT)/SirMetalLib/vendors",
					"$(SRCROOT)/SirMetalLib/vendors/spdlog",
					"$(SRCROOT)/SirMetalLib/vendors/spdlog/fmt",
				);
				USER_HEADER_SEARCH_PATHS = "";
				USE_HEADERMAP = NO;
			};
			name = Debug;
		};
		C0BF91C424E1F34C00824030 /* Release */ = {
			isa = XCBuildConfiguration;
			buildSettings = {
				CODE_SIGN_STYLE = Automatic;
				DEVELOPMENT_TEAM = XXL4SLD26M;
				EXECUTABLE_PREFIX = lib;
				FRAMEWORK_SEARCH_PATHS = "";
				HEADER_SEARCH_PATHS = "";
				PRODUCT_NAME = "$(TARGET_NAME)";
				SKIP_INSTALL = YES;
				SYSTEM_FRAMEWORK_SEARCH_PATHS = "";
				SYSTEM_HEADER_SEARCH_PATHS = (
					"$(SRCROOT)/",
					"$(SRCROOT)/SirMetalLib/vendors",
					"$(SRCROOT)/SirMetalLib/vendors/spdlog",
					"$(SRCROOT)/SirMetalLib/vendors/spdlog/fmt",
				);
				USER_HEADER_SEARCH_PATHS = "";
				USE_HEADERMAP = NO;
			};
			name = Release;
		};
/* End XCBuildConfiguration section */

/* Begin XCConfigurationList section */
		C0BF91B424E1F34C00824030 /* Build configuration list for PBXProject "SirMetalLib" */ = {
			isa = XCConfigurationList;
			buildConfigurations = (
				C0BF91C024E1F34C00824030 /* Debug */,
				C0BF91C124E1F34C00824030 /* Release */,
			);
			defaultConfigurationIsVisible = 0;
			defaultConfigurationName = Release;
		};
		C0BF91C224E1F34C00824030 /* Build configuration list for PBXNativeTarget "SirMetalLib" */ = {
			isa = XCConfigurationList;
			buildConfigurations = (
				C0BF91C324E1F34C00824030 /* Debug */,
				C0BF91C424E1F34C00824030 /* Release */,
			);
			defaultConfigurationIsVisible = 0;
			defaultConfigurationName = Release;
		};
/* End XCConfigurationList section */
	};
	rootObject = C0BF91B124E1F34C00824030 /* Project object */;
}
