// !$*UTF8*$!
{
	archiveVersion = 1;
	classes = {
	};
	objectVersion = 53;
	objects = {

/* Begin PBXBuildFile section */
		C08F5E3724B3D93A00CC95FC /* Assets.xcassets in Resources */ = {isa = PBXBuildFile; fileRef = C08F5E3624B3D93A00CC95FC /* Assets.xcassets */; };
		C08F5E3A24B3D93A00CC95FC /* MainMenu.xib in Resources */ = {isa = PBXBuildFile; fileRef = C08F5E3824B3D93A00CC95FC /* MainMenu.xib */; };
		C08F5E4824B3D96600CC95FC /* Metal.framework in Frameworks */ = {isa = PBXBuildFile; fileRef = C08F5E4524B3D96600CC95FC /* Metal.framework */; };
		C08F5E4924B3D96600CC95FC /* MetalPerformanceShaders.framework in Frameworks */ = {isa = PBXBuildFile; fileRef = C08F5E4624B3D96600CC95FC /* MetalPerformanceShaders.framework */; };
		C08F5E4A24B3D96600CC95FC /* MetalKit.framework in Frameworks */ = {isa = PBXBuildFile; fileRef = C08F5E4724B3D96600CC95FC /* MetalKit.framework */; };
		C08F5E4F24B4449000CC95FC /* AppDelegate.mm in Sources */ = {isa = PBXBuildFile; fileRef = C08F5E4C24B4449000CC95FC /* AppDelegate.mm */; };
		C08F5E5024B4449000CC95FC /* AAPLRenderer.mm in Sources */ = {isa = PBXBuildFile; fileRef = C08F5E4D24B4449000CC95FC /* AAPLRenderer.mm */; };
		C08F5E5224B444D400CC95FC /* Foundation.framework in Frameworks */ = {isa = PBXBuildFile; fileRef = C08F5E5124B444D400CC95FC /* Foundation.framework */; };
		C08F5E5424B4474900CC95FC /* AppKit.framework in Frameworks */ = {isa = PBXBuildFile; fileRef = C08F5E5324B4474900CC95FC /* AppKit.framework */; };
		C08F5E5624B4475000CC95FC /* Cocoa.framework in Frameworks */ = {isa = PBXBuildFile; fileRef = C08F5E5524B4475000CC95FC /* Cocoa.framework */; };
		C08F5E5724B520CC00CC95FC /* main.mm in Sources */ = {isa = PBXBuildFile; fileRef = C08F5E3C24B3D93A00CC95FC /* main.mm */; };
		C0BF91C624E1F4C400824030 /* libSirMetalLib.a in Frameworks */ = {isa = PBXBuildFile; fileRef = C0BF91C524E1F4C400824030 /* libSirMetalLib.a */; };
		C0BF930224E87B6D00824030 /* ImGuizmo.cpp in Sources */ = {isa = PBXBuildFile; fileRef = C0BF92FD24E87B6C00824030 /* ImGuizmo.cpp */; };
		C0DF948D24C250F50005DB07 /* imgui_widgets.cpp in Sources */ = {isa = PBXBuildFile; fileRef = C0DF947B24C250F40005DB07 /* imgui_widgets.cpp */; };
		C0DF948E24C250F50005DB07 /* imgui_impl_metal.mm in Sources */ = {isa = PBXBuildFile; fileRef = C0DF947D24C250F40005DB07 /* imgui_impl_metal.mm */; };
		C0DF948F24C250F50005DB07 /* imgui.cpp in Sources */ = {isa = PBXBuildFile; fileRef = C0DF947E24C250F40005DB07 /* imgui.cpp */; settings = {COMPILER_FLAGS = "-w"; }; };
		C0DF949024C250F50005DB07 /* imgui_demo.cpp in Sources */ = {isa = PBXBuildFile; fileRef = C0DF948224C250F40005DB07 /* imgui_demo.cpp */; settings = {COMPILER_FLAGS = "-w -analyzer-disable-all-checks"; }; };
		C0DF949124C250F50005DB07 /* imgui_draw.cpp in Sources */ = {isa = PBXBuildFile; fileRef = C0DF948324C250F40005DB07 /* imgui_draw.cpp */; };
		C0DF949924C2D04B0005DB07 /* imgui_impl_osx.mm in Sources */ = {isa = PBXBuildFile; fileRef = C0DF949724C2D04A0005DB07 /* imgui_impl_osx.mm */; };
		C9EA90B721A11CA8CA3C47B5 /* editorUI.mm in Sources */ = {isa = PBXBuildFile; fileRef = C9EA957869142439D70FD5D1 /* editorUI.mm */; };
		C9EA92106742EDF158653897 /* materialWidget.mm in Sources */ = {isa = PBXBuildFile; fileRef = C9EA920FC29E744172D4C637 /* materialWidget.mm */; };
		C9EA971266D1DF3F3D7FFCF4 /* settings.mm in Sources */ = {isa = PBXBuildFile; fileRef = C9EA9A0497A232A0FECA2BE9 /* settings.mm */; };
		C9EA975C8EE857168E3AA25C /* entryPoint.mm in Sources */ = {isa = PBXBuildFile; fileRef = C9EA987FA45D97D90C540393 /* entryPoint.mm */; };
		C9EA9B7EB771331DBA5DF92A /* project.mm in Sources */ = {isa = PBXBuildFile; fileRef = C9EA9B5D604E5F9F39AD7216 /* project.mm */; };
		C9EA9C42997897D6A18E940E /* cameraSettingsWidget.mm in Sources */ = {isa = PBXBuildFile; fileRef = C9EA919072B5737B7279FB12 /* cameraSettingsWidget.mm */; };
		C9EA9D6C893C2F1DBB9950A8 /* hierarchyWidget.mm in Sources */ = {isa = PBXBuildFile; fileRef = C9EA9A1A9A7AE35ACBA8254E /* hierarchyWidget.mm */; };
/* End PBXBuildFile section */

/* Begin PBXFileReference section */
		C08F5E3024B3D93900CC95FC /* SirMetal.app */ = {isa = PBXFileReference; explicitFileType = wrapper.application; includeInIndex = 0; path = SirMetal.app; sourceTree = BUILT_PRODUCTS_DIR; };
		C08F5E3624B3D93A00CC95FC /* Assets.xcassets */ = {isa = PBXFileReference; lastKnownFileType = folder.assetcatalog; path = Assets.xcassets; sourceTree = "<group>"; };
		C08F5E3924B3D93A00CC95FC /* Base */ = {isa = PBXFileReference; lastKnownFileType = file.xib; name = Base; path = Base.lproj/MainMenu.xib; sourceTree = "<group>"; };
		C08F5E3B24B3D93A00CC95FC /* Info.plist */ = {isa = PBXFileReference; lastKnownFileType = text.plist.xml; path = Info.plist; sourceTree = "<group>"; };
		C08F5E3C24B3D93A00CC95FC /* main.mm */ = {isa = PBXFileReference; lastKnownFileType = sourcecode.cpp.objcpp; path = main.mm; sourceTree = "<group>"; };
		C08F5E3E24B3D93A00CC95FC /* SirMetal.entitlements */ = {isa = PBXFileReference; lastKnownFileType = text.plist.entitlements; path = SirMetal.entitlements; sourceTree = "<group>"; };
		C08F5E4524B3D96600CC95FC /* Metal.framework */ = {isa = PBXFileReference; lastKnownFileType = wrapper.framework; name = Metal.framework; path = System/Library/Frameworks/Metal.framework; sourceTree = SDKROOT; };
		C08F5E4624B3D96600CC95FC /* MetalPerformanceShaders.framework */ = {isa = PBXFileReference; lastKnownFileType = wrapper.framework; name = MetalPerformanceShaders.framework; path = System/Library/Frameworks/MetalPerformanceShaders.framework; sourceTree = SDKROOT; };
		C08F5E4724B3D96600CC95FC /* MetalKit.framework */ = {isa = PBXFileReference; lastKnownFileType = wrapper.framework; name = MetalKit.framework; path = System/Library/Frameworks/MetalKit.framework; sourceTree = SDKROOT; };
		C08F5E4B24B4449000CC95FC /* AAPLRenderer.h */ = {isa = PBXFileReference; fileEncoding = 4; lastKnownFileType = sourcecode.c.h; path = AAPLRenderer.h; sourceTree = "<group>"; };
		C08F5E4C24B4449000CC95FC /* AppDelegate.mm */ = {isa = PBXFileReference; fileEncoding = 4; lastKnownFileType = sourcecode.cpp.objcpp; path = AppDelegate.mm; sourceTree = "<group>"; };
		C08F5E4D24B4449000CC95FC /* AAPLRenderer.mm */ = {isa = PBXFileReference; fileEncoding = 4; lastKnownFileType = sourcecode.cpp.objcpp; path = AAPLRenderer.mm; sourceTree = "<group>"; };
		C08F5E4E24B4449000CC95FC /* AppDelegate.hpp */ = {isa = PBXFileReference; fileEncoding = 4; lastKnownFileType = sourcecode.cpp.h; path = AppDelegate.hpp; sourceTree = "<group>"; };
		C08F5E5124B444D400CC95FC /* Foundation.framework */ = {isa = PBXFileReference; lastKnownFileType = wrapper.framework; name = Foundation.framework; path = System/Library/Frameworks/Foundation.framework; sourceTree = SDKROOT; };
		C08F5E5324B4474900CC95FC /* AppKit.framework */ = {isa = PBXFileReference; lastKnownFileType = wrapper.framework; name = AppKit.framework; path = System/Library/Frameworks/AppKit.framework; sourceTree = SDKROOT; };
		C08F5E5524B4475000CC95FC /* Cocoa.framework */ = {isa = PBXFileReference; lastKnownFileType = wrapper.framework; name = Cocoa.framework; path = System/Library/Frameworks/Cocoa.framework; sourceTree = SDKROOT; };
		C0BF91C524E1F4C400824030 /* libSirMetalLib.a */ = {isa = PBXFileReference; explicitFileType = archive.ar; path = libSirMetalLib.a; sourceTree = BUILT_PRODUCTS_DIR; };
		C0BF92F824E87B6C00824030 /* ImGuizmo.h */ = {isa = PBXFileReference; fileEncoding = 4; lastKnownFileType = sourcecode.c.h; path = ImGuizmo.h; sourceTree = "<group>"; };
		C0BF92FD24E87B6C00824030 /* ImGuizmo.cpp */ = {isa = PBXFileReference; fileEncoding = 4; lastKnownFileType = sourcecode.cpp.cpp; path = ImGuizmo.cpp; sourceTree = "<group>"; };
		C0DF947824C250F40005DB07 /* imgui.h */ = {isa = PBXFileReference; fileEncoding = 4; lastKnownFileType = sourcecode.c.h; path = imgui.h; sourceTree = "<group>"; };
		C0DF947924C250F40005DB07 /* imstb_textedit.h */ = {isa = PBXFileReference; fileEncoding = 4; lastKnownFileType = sourcecode.c.h; path = imstb_textedit.h; sourceTree = "<group>"; };
		C0DF947A24C250F40005DB07 /* imconfig.h */ = {isa = PBXFileReference; fileEncoding = 4; lastKnownFileType = sourcecode.c.h; path = imconfig.h; sourceTree = "<group>"; };
		C0DF947B24C250F40005DB07 /* imgui_widgets.cpp */ = {isa = PBXFileReference; fileEncoding = 4; lastKnownFileType = sourcecode.cpp.cpp; path = imgui_widgets.cpp; sourceTree = "<group>"; };
		C0DF947C24C250F40005DB07 /* imstb_truetype.h */ = {isa = PBXFileReference; fileEncoding = 4; lastKnownFileType = sourcecode.c.h; path = imstb_truetype.h; sourceTree = "<group>"; };
		C0DF947D24C250F40005DB07 /* imgui_impl_metal.mm */ = {isa = PBXFileReference; fileEncoding = 4; lastKnownFileType = sourcecode.cpp.objcpp; path = imgui_impl_metal.mm; sourceTree = "<group>"; };
		C0DF947E24C250F40005DB07 /* imgui.cpp */ = {isa = PBXFileReference; fileEncoding = 4; lastKnownFileType = sourcecode.cpp.cpp; path = imgui.cpp; sourceTree = "<group>"; };
		C0DF947F24C250F40005DB07 /* imgui_internal.h */ = {isa = PBXFileReference; fileEncoding = 4; lastKnownFileType = sourcecode.c.h; path = imgui_internal.h; sourceTree = "<group>"; };
		C0DF948024C250F40005DB07 /* imgui_impl_metal.h */ = {isa = PBXFileReference; fileEncoding = 4; lastKnownFileType = sourcecode.c.h; path = imgui_impl_metal.h; sourceTree = "<group>"; };
		C0DF948124C250F40005DB07 /* imstb_rectpack.h */ = {isa = PBXFileReference; fileEncoding = 4; lastKnownFileType = sourcecode.c.h; path = imstb_rectpack.h; sourceTree = "<group>"; };
		C0DF948224C250F40005DB07 /* imgui_demo.cpp */ = {isa = PBXFileReference; fileEncoding = 4; lastKnownFileType = sourcecode.cpp.cpp; path = imgui_demo.cpp; sourceTree = "<group>"; };
		C0DF948324C250F40005DB07 /* imgui_draw.cpp */ = {isa = PBXFileReference; fileEncoding = 4; lastKnownFileType = sourcecode.cpp.cpp; path = imgui_draw.cpp; sourceTree = "<group>"; };
		C0DF949224C255F40005DB07 /* libfreetype.a */ = {isa = PBXFileReference; lastKnownFileType = archive.ar; name = libfreetype.a; path = ../../../../../usr/local/Cellar/freetype/2.10.2/lib/libfreetype.a; sourceTree = "<group>"; };
		C0DF949724C2D04A0005DB07 /* imgui_impl_osx.mm */ = {isa = PBXFileReference; fileEncoding = 4; lastKnownFileType = sourcecode.cpp.objcpp; path = imgui_impl_osx.mm; sourceTree = "<group>"; };
		C0DF949824C2D04A0005DB07 /* imgui_impl_osx.h */ = {isa = PBXFileReference; fileEncoding = 4; lastKnownFileType = sourcecode.c.h; path = imgui_impl_osx.h; sourceTree = "<group>"; };
		C9EA90C6B125CDBC30E96091 /* settings.h */ = {isa = PBXFileReference; fileEncoding = 4; lastKnownFileType = sourcecode.c.h; path = settings.h; sourceTree = "<group>"; };
		C9EA919072B5737B7279FB12 /* cameraSettingsWidget.mm */ = {isa = PBXFileReference; fileEncoding = 4; lastKnownFileType = sourcecode.cpp.objcpp; path = cameraSettingsWidget.mm; sourceTree = "<group>"; };
		C9EA920FC29E744172D4C637 /* materialWidget.mm */ = {isa = PBXFileReference; fileEncoding = 4; lastKnownFileType = sourcecode.cpp.objcpp; path = materialWidget.mm; sourceTree = "<group>"; };
		C9EA9396061B7B7C34100AC2 /* entryPoint.h */ = {isa = PBXFileReference; fileEncoding = 4; lastKnownFileType = sourcecode.c.h; path = entryPoint.h; sourceTree = "<group>"; };
		C9EA9473B60D7FFC21F823D7 /* fast_obj.h */ = {isa = PBXFileReference; fileEncoding = 4; lastKnownFileType = sourcecode.c.h; path = fast_obj.h; sourceTree = "<group>"; };
		C9EA957869142439D70FD5D1 /* editorUI.mm */ = {isa = PBXFileReference; fileEncoding = 4; lastKnownFileType = sourcecode.cpp.objcpp; path = editorUI.mm; sourceTree = "<group>"; };
		C9EA987FA45D97D90C540393 /* entryPoint.mm */ = {isa = PBXFileReference; fileEncoding = 4; lastKnownFileType = sourcecode.cpp.objcpp; path = entryPoint.mm; sourceTree = "<group>"; };
		C9EA998E58D0606C4F8DF6BD /* hierarchyWidget.h */ = {isa = PBXFileReference; fileEncoding = 4; lastKnownFileType = sourcecode.c.h; path = hierarchyWidget.h; sourceTree = "<group>"; };
		C9EA99ED739CB16FC8C9DFFE /* editorUI.h */ = {isa = PBXFileReference; fileEncoding = 4; lastKnownFileType = sourcecode.c.h; path = editorUI.h; sourceTree = "<group>"; };
		C9EA99F10C0218BE7927D8B9 /* project.h */ = {isa = PBXFileReference; fileEncoding = 4; lastKnownFileType = sourcecode.c.h; path = project.h; sourceTree = "<group>"; };
		C9EA9A0497A232A0FECA2BE9 /* settings.mm */ = {isa = PBXFileReference; fileEncoding = 4; lastKnownFileType = sourcecode.cpp.objcpp; path = settings.mm; sourceTree = "<group>"; };
		C9EA9A1A9A7AE35ACBA8254E /* hierarchyWidget.mm */ = {isa = PBXFileReference; fileEncoding = 4; lastKnownFileType = sourcecode.cpp.objcpp; path = hierarchyWidget.mm; sourceTree = "<group>"; };
		C9EA9A642D07F4AB6638EEDF /* materialWidget.h */ = {isa = PBXFileReference; fileEncoding = 4; lastKnownFileType = sourcecode.c.h; path = materialWidget.h; sourceTree = "<group>"; };
		C9EA9B547868412CB75EE1D2 /* cameraSettingsWidget.h */ = {isa = PBXFileReference; fileEncoding = 4; lastKnownFileType = sourcecode.c.h; path = cameraSettingsWidget.h; sourceTree = "<group>"; };
		C9EA9B5D604E5F9F39AD7216 /* project.mm */ = {isa = PBXFileReference; fileEncoding = 4; lastKnownFileType = sourcecode.cpp.objcpp; path = project.mm; sourceTree = "<group>"; };
/* End PBXFileReference section */

/* Begin PBXFrameworksBuildPhase section */
		C08F5E2D24B3D93900CC95FC /* Frameworks */ = {
			isa = PBXFrameworksBuildPhase;
			buildActionMask = 2147483647;
			files = (
				C08F5E4A24B3D96600CC95FC /* MetalKit.framework in Frameworks */,
				C08F5E4924B3D96600CC95FC /* MetalPerformanceShaders.framework in Frameworks */,
				C08F5E5624B4475000CC95FC /* Cocoa.framework in Frameworks */,
				C08F5E5424B4474900CC95FC /* AppKit.framework in Frameworks */,
				C08F5E4824B3D96600CC95FC /* Metal.framework in Frameworks */,
				C08F5E5224B444D400CC95FC /* Foundation.framework in Frameworks */,
				C0BF91C624E1F4C400824030 /* libSirMetalLib.a in Frameworks */,
			);
			runOnlyForDeploymentPostprocessing = 0;
		};
/* End PBXFrameworksBuildPhase section */

/* Begin PBXGroup section */
		C08F5E2724B3D93900CC95FC = {
			isa = PBXGroup;
			children = (
				C08F5E3224B3D93900CC95FC /* SirMetal */,
				C08F5E3124B3D93900CC95FC /* Products */,
				C08F5E4424B3D96600CC95FC /* Frameworks */,
			);
			sourceTree = "<group>";
		};
		C08F5E3124B3D93900CC95FC /* Products */ = {
			isa = PBXGroup;
			children = (
				C08F5E3024B3D93900CC95FC /* SirMetal.app */,
			);
			name = Products;
			sourceTree = "<group>";
		};
		C08F5E3224B3D93900CC95FC /* SirMetal */ = {
			isa = PBXGroup;
			children = (
				C0B66B6524B66F68002E0E50 /* src */,
				C08F5E3624B3D93A00CC95FC /* Assets.xcassets */,
				C08F5E3824B3D93A00CC95FC /* MainMenu.xib */,
				C08F5E3B24B3D93A00CC95FC /* Info.plist */,
				C08F5E3E24B3D93A00CC95FC /* SirMetal.entitlements */,
			);
			path = SirMetal;
			sourceTree = "<group>";
		};
		C08F5E4424B3D96600CC95FC /* Frameworks */ = {
			isa = PBXGroup;
			children = (
				C0BF91C524E1F4C400824030 /* libSirMetalLib.a */,
				C0DF949224C255F40005DB07 /* libfreetype.a */,
				C08F5E5524B4475000CC95FC /* Cocoa.framework */,
				C08F5E5324B4474900CC95FC /* AppKit.framework */,
				C08F5E5124B444D400CC95FC /* Foundation.framework */,
				C08F5E4524B3D96600CC95FC /* Metal.framework */,
				C08F5E4724B3D96600CC95FC /* MetalKit.framework */,
				C08F5E4624B3D96600CC95FC /* MetalPerformanceShaders.framework */,
			);
			name = Frameworks;
			sourceTree = "<group>";
		};
		C0B66B6524B66F68002E0E50 /* src */ = {
			isa = PBXGroup;
			children = (
				C0DF946924C250F40005DB07 /* vendors */,
				C08F5E3C24B3D93A00CC95FC /* main.mm */,
				C08F5E4B24B4449000CC95FC /* AAPLRenderer.h */,
				C08F5E4D24B4449000CC95FC /* AAPLRenderer.mm */,
				C08F5E4E24B4449000CC95FC /* AppDelegate.hpp */,
				C08F5E4C24B4449000CC95FC /* AppDelegate.mm */,
				C9EA9A6242E865737BA87FC3 /* editor */,
				C9EA987FA45D97D90C540393 /* entryPoint.mm */,
				C9EA9396061B7B7C34100AC2 /* entryPoint.h */,
			);
			path = src;
			sourceTree = "<group>";
		};
		C0BF92F724E87B6C00824030 /* imguizmo */ = {
			isa = PBXGroup;
			children = (
				C0BF92F824E87B6C00824030 /* ImGuizmo.h */,
				C0BF92FD24E87B6C00824030 /* ImGuizmo.cpp */,
			);
			path = imguizmo;
			sourceTree = "<group>";
		};
		C0DF946924C250F40005DB07 /* vendors */ = {
			isa = PBXGroup;
			children = (
				C0BF92F724E87B6C00824030 /* imguizmo */,
				C0DF946A24C250F40005DB07 /* imgui */,
			);
			path = vendors;
			sourceTree = "<group>";
		};
		C0DF946A24C250F40005DB07 /* imgui */ = {
			isa = PBXGroup;
			children = (
				C0DF947824C250F40005DB07 /* imgui.h */,
				C0DF949824C2D04A0005DB07 /* imgui_impl_osx.h */,
				C0DF949724C2D04A0005DB07 /* imgui_impl_osx.mm */,
				C0DF947924C250F40005DB07 /* imstb_textedit.h */,
				C0DF947A24C250F40005DB07 /* imconfig.h */,
				C0DF947B24C250F40005DB07 /* imgui_widgets.cpp */,
				C0DF947C24C250F40005DB07 /* imstb_truetype.h */,
				C0DF947D24C250F40005DB07 /* imgui_impl_metal.mm */,
				C0DF947E24C250F40005DB07 /* imgui.cpp */,
				C0DF947F24C250F40005DB07 /* imgui_internal.h */,
				C0DF948024C250F40005DB07 /* imgui_impl_metal.h */,
				C0DF948124C250F40005DB07 /* imstb_rectpack.h */,
				C0DF948224C250F40005DB07 /* imgui_demo.cpp */,
				C0DF948324C250F40005DB07 /* imgui_draw.cpp */,
				C9EA9473B60D7FFC21F823D7 /* fast_obj.h */,
			);
			path = imgui;
			sourceTree = "<group>";
		};
		C9EA9A6242E865737BA87FC3 /* editor */ = {
			isa = PBXGroup;
			children = (
				C9EA9B5D604E5F9F39AD7216 /* project.mm */,
				C9EA99F10C0218BE7927D8B9 /* project.h */,
				C9EA9A0497A232A0FECA2BE9 /* settings.mm */,
				C9EA90C6B125CDBC30E96091 /* settings.h */,
				C9EA9C6B67DD05ABDFB015F3 /* ui */,
			);
			path = editor;
			sourceTree = "<group>";
		};
		C9EA9C6B67DD05ABDFB015F3 /* ui */ = {
			isa = PBXGroup;
			children = (
				C9EA957869142439D70FD5D1 /* editorUI.mm */,
				C9EA99ED739CB16FC8C9DFFE /* editorUI.h */,
				C9EA920FC29E744172D4C637 /* materialWidget.mm */,
				C9EA9A642D07F4AB6638EEDF /* materialWidget.h */,
				C9EA919072B5737B7279FB12 /* cameraSettingsWidget.mm */,
				C9EA9B547868412CB75EE1D2 /* cameraSettingsWidget.h */,
				C9EA9A1A9A7AE35ACBA8254E /* hierarchyWidget.mm */,
				C9EA998E58D0606C4F8DF6BD /* hierarchyWidget.h */,
			);
			path = ui;
			sourceTree = "<group>";
		};
/* End PBXGroup section */

/* Begin PBXNativeTarget section */
		C08F5E2F24B3D93900CC95FC /* SirMetal */ = {
			isa = PBXNativeTarget;
			buildConfigurationList = C08F5E4124B3D93A00CC95FC /* Build configuration list for PBXNativeTarget "SirMetal" */;
			buildPhases = (
				C08F5E2C24B3D93900CC95FC /* Sources */,
				C08F5E2D24B3D93900CC95FC /* Frameworks */,
				C08F5E2E24B3D93900CC95FC /* Resources */,
			);
			buildRules = (
			);
			dependencies = (
			);
			name = SirMetal;
			productName = SirMetal;
			productReference = C08F5E3024B3D93900CC95FC /* SirMetal.app */;
			productType = "com.apple.product-type.application";
		};
/* End PBXNativeTarget section */

/* Begin PBXProject section */
		C08F5E2824B3D93900CC95FC /* Project object */ = {
			isa = PBXProject;
			attributes = {
				LastUpgradeCheck = 1150;
				ORGANIZATIONNAME = "Marco Giordano";
				TargetAttributes = {
					C08F5E2F24B3D93900CC95FC = {
						CreatedOnToolsVersion = 11.5;
					};
				};
			};
			buildConfigurationList = C08F5E2B24B3D93900CC95FC /* Build configuration list for PBXProject "SirMetal" */;
			compatibilityVersion = "Xcode 11.4";
			developmentRegion = en;
			hasScannedForEncodings = 0;
			knownRegions = (
				en,
				Base,
			);
			mainGroup = C08F5E2724B3D93900CC95FC;
			productRefGroup = C08F5E3124B3D93900CC95FC /* Products */;
			projectDirPath = "";
			projectRoot = "";
			targets = (
				C08F5E2F24B3D93900CC95FC /* SirMetal */,
			);
		};
/* End PBXProject section */

/* Begin PBXResourcesBuildPhase section */
		C08F5E2E24B3D93900CC95FC /* Resources */ = {
			isa = PBXResourcesBuildPhase;
			buildActionMask = 2147483647;
			files = (
				C08F5E3724B3D93A00CC95FC /* Assets.xcassets in Resources */,
				C08F5E3A24B3D93A00CC95FC /* MainMenu.xib in Resources */,
			);
			runOnlyForDeploymentPostprocessing = 0;
		};
/* End PBXResourcesBuildPhase section */

/* Begin PBXSourcesBuildPhase section */
		C08F5E2C24B3D93900CC95FC /* Sources */ = {
			isa = PBXSourcesBuildPhase;
			buildActionMask = 2147483647;
			files = (
				C0DF948E24C250F50005DB07 /* imgui_impl_metal.mm in Sources */,
				C0DF949124C250F50005DB07 /* imgui_draw.cpp in Sources */,
				C08F5E5724B520CC00CC95FC /* main.mm in Sources */,
				C0DF949024C250F50005DB07 /* imgui_demo.cpp in Sources */,
				C0DF948D24C250F50005DB07 /* imgui_widgets.cpp in Sources */,
				C0DF948F24C250F50005DB07 /* imgui.cpp in Sources */,
				C0DF949924C2D04B0005DB07 /* imgui_impl_osx.mm in Sources */,
				C08F5E5024B4449000CC95FC /* AAPLRenderer.mm in Sources */,
				C08F5E4F24B4449000CC95FC /* AppDelegate.mm in Sources */,
				C9EA9B7EB771331DBA5DF92A /* project.mm in Sources */,
				C9EA971266D1DF3F3D7FFCF4 /* settings.mm in Sources */,
				C9EA975C8EE857168E3AA25C /* entryPoint.mm in Sources */,
				C9EA90B721A11CA8CA3C47B5 /* editorUI.mm in Sources */,
				C9EA92106742EDF158653897 /* materialWidget.mm in Sources */,
				C0BF930224E87B6D00824030 /* ImGuizmo.cpp in Sources */,
				C9EA9C42997897D6A18E940E /* cameraSettingsWidget.mm in Sources */,
				C9EA9D6C893C2F1DBB9950A8 /* hierarchyWidget.mm in Sources */,
			);
			runOnlyForDeploymentPostprocessing = 0;
		};
/* End PBXSourcesBuildPhase section */

/* Begin PBXVariantGroup section */
		C08F5E3824B3D93A00CC95FC /* MainMenu.xib */ = {
			isa = PBXVariantGroup;
			children = (
				C08F5E3924B3D93A00CC95FC /* Base */,
			);
			name = MainMenu.xib;
			sourceTree = "<group>";
		};
/* End PBXVariantGroup section */

/* Begin XCBuildConfiguration section */
		C08F5E3F24B3D93A00CC95FC /* Debug */ = {
			isa = XCBuildConfiguration;
			buildSettings = {
				ALWAYS_SEARCH_USER_PATHS = NO;
				CLANG_ANALYZER_NONNULL = YES;
				CLANG_ANALYZER_NUMBER_OBJECT_CONVERSION = YES_AGGRESSIVE;
				CLANG_CXX_LANGUAGE_STANDARD = "gnu++14";
				CLANG_CXX_LIBRARY = "libc++";
				CLANG_ENABLE_MODULES = YES;
				CLANG_ENABLE_OBJC_ARC = YES;
				CLANG_ENABLE_OBJC_WEAK = YES;
				CLANG_WARN_BLOCK_CAPTURE_AUTORELEASING = YES;
				CLANG_WARN_BOOL_CONVERSION = YES;
				CLANG_WARN_COMMA = YES;
				CLANG_WARN_CONSTANT_CONVERSION = YES;
				CLANG_WARN_DEPRECATED_OBJC_IMPLEMENTATIONS = YES;
				CLANG_WARN_DIRECT_OBJC_ISA_USAGE = YES_ERROR;
				CLANG_WARN_DOCUMENTATION_COMMENTS = YES;
				CLANG_WARN_EMPTY_BODY = YES;
				CLANG_WARN_ENUM_CONVERSION = YES;
				CLANG_WARN_INFINITE_RECURSION = YES;
				CLANG_WARN_INT_CONVERSION = YES;
				CLANG_WARN_NON_LITERAL_NULL_CONVERSION = YES;
				CLANG_WARN_OBJC_IMPLICIT_RETAIN_SELF = YES;
				CLANG_WARN_OBJC_LITERAL_CONVERSION = YES;
				CLANG_WARN_OBJC_ROOT_CLASS = YES_ERROR;
				CLANG_WARN_RANGE_LOOP_ANALYSIS = YES;
				CLANG_WARN_STRICT_PROTOTYPES = YES;
				CLANG_WARN_SUSPICIOUS_MOVE = YES;
				CLANG_WARN_UNGUARDED_AVAILABILITY = YES_AGGRESSIVE;
				CLANG_WARN_UNREACHABLE_CODE = YES;
				CLANG_WARN__DUPLICATE_METHOD_MATCH = YES;
				COPY_PHASE_STRIP = NO;
				DEBUG_INFORMATION_FORMAT = dwarf;
				ENABLE_STRICT_OBJC_MSGSEND = YES;
				ENABLE_TESTABILITY = YES;
				GCC_C_LANGUAGE_STANDARD = gnu11;
				GCC_DYNAMIC_NO_PIC = NO;
				GCC_NO_COMMON_BLOCKS = YES;
				GCC_OPTIMIZATION_LEVEL = 0;
				GCC_PREPROCESSOR_DEFINITIONS = (
					"DEBUG=1",
					"$(inherited)",
				);
				GCC_WARN_64_TO_32_BIT_CONVERSION = YES;
				GCC_WARN_ABOUT_RETURN_TYPE = YES_ERROR;
				GCC_WARN_UNDECLARED_SELECTOR = YES;
				GCC_WARN_UNINITIALIZED_AUTOS = YES_AGGRESSIVE;
				GCC_WARN_UNUSED_FUNCTION = YES;
				GCC_WARN_UNUSED_VARIABLE = YES;
				MACOSX_DEPLOYMENT_TARGET = 10.15;
				MTL_ENABLE_DEBUG_INFO = INCLUDE_SOURCE;
				MTL_FAST_MATH = YES;
				ONLY_ACTIVE_ARCH = YES;
				SDKROOT = macosx;
				SYSTEM_HEADER_SEARCH_PATHS = "\"$(SRCROOT)/SirMetal/src/vendors\"";
			};
			name = Debug;
		};
		C08F5E4024B3D93A00CC95FC /* Release */ = {
			isa = XCBuildConfiguration;
			buildSettings = {
				ALWAYS_SEARCH_USER_PATHS = NO;
				CLANG_ANALYZER_NONNULL = YES;
				CLANG_ANALYZER_NUMBER_OBJECT_CONVERSION = YES_AGGRESSIVE;
				CLANG_CXX_LANGUAGE_STANDARD = "gnu++14";
				CLANG_CXX_LIBRARY = "libc++";
				CLANG_ENABLE_MODULES = YES;
				CLANG_ENABLE_OBJC_ARC = YES;
				CLANG_ENABLE_OBJC_WEAK = YES;
				CLANG_WARN_BLOCK_CAPTURE_AUTORELEASING = YES;
				CLANG_WARN_BOOL_CONVERSION = YES;
				CLANG_WARN_COMMA = YES;
				CLANG_WARN_CONSTANT_CONVERSION = YES;
				CLANG_WARN_DEPRECATED_OBJC_IMPLEMENTATIONS = YES;
				CLANG_WARN_DIRECT_OBJC_ISA_USAGE = YES_ERROR;
				CLANG_WARN_DOCUMENTATION_COMMENTS = YES;
				CLANG_WARN_EMPTY_BODY = YES;
				CLANG_WARN_ENUM_CONVERSION = YES;
				CLANG_WARN_INFINITE_RECURSION = YES;
				CLANG_WARN_INT_CONVERSION = YES;
				CLANG_WARN_NON_LITERAL_NULL_CONVERSION = YES;
				CLANG_WARN_OBJC_IMPLICIT_RETAIN_SELF = YES;
				CLANG_WARN_OBJC_LITERAL_CONVERSION = YES;
				CLANG_WARN_OBJC_ROOT_CLASS = YES_ERROR;
				CLANG_WARN_RANGE_LOOP_ANALYSIS = YES;
				CLANG_WARN_STRICT_PROTOTYPES = YES;
				CLANG_WARN_SUSPICIOUS_MOVE = YES;
				CLANG_WARN_UNGUARDED_AVAILABILITY = YES_AGGRESSIVE;
				CLANG_WARN_UNREACHABLE_CODE = YES;
				CLANG_WARN__DUPLICATE_METHOD_MATCH = YES;
				COPY_PHASE_STRIP = NO;
				DEBUG_INFORMATION_FORMAT = "dwarf-with-dsym";
				ENABLE_NS_ASSERTIONS = NO;
				ENABLE_STRICT_OBJC_MSGSEND = YES;
				GCC_C_LANGUAGE_STANDARD = gnu11;
				GCC_NO_COMMON_BLOCKS = YES;
				GCC_WARN_64_TO_32_BIT_CONVERSION = YES;
				GCC_WARN_ABOUT_RETURN_TYPE = YES_ERROR;
				GCC_WARN_UNDECLARED_SELECTOR = YES;
				GCC_WARN_UNINITIALIZED_AUTOS = YES_AGGRESSIVE;
				GCC_WARN_UNUSED_FUNCTION = YES;
				GCC_WARN_UNUSED_VARIABLE = YES;
				MACOSX_DEPLOYMENT_TARGET = 10.15;
				MTL_ENABLE_DEBUG_INFO = NO;
				MTL_FAST_MATH = YES;
				SDKROOT = macosx;
				SYSTEM_HEADER_SEARCH_PATHS = "\"$(SRCROOT)/SirMetal/src/vendors\"";
			};
			name = Release;
		};
		C08F5E4224B3D93A00CC95FC /* Debug */ = {
			isa = XCBuildConfiguration;
			buildSettings = {
				ASSETCATALOG_COMPILER_APPICON_NAME = AppIcon;
				CODE_SIGN_ENTITLEMENTS = SirMetal/SirMetal.entitlements;
				CODE_SIGN_IDENTITY = "-";
				CODE_SIGN_STYLE = Automatic;
				COMBINE_HIDPI_IMAGES = YES;
				DEVELOPMENT_TEAM = "";
				ENABLE_HARDENED_RUNTIME = YES;
				INFOPLIST_FILE = SirMetal/Info.plist;
				LD_RUNPATH_SEARCH_PATHS = (
					"$(inherited)",
					"@executable_path/../Frameworks",
				);
				LIBRARY_SEARCH_PATHS = "";
				OTHER_LDFLAGS = "";
				PRODUCT_BUNDLE_IDENTIFIER = mg.SirMetal;
				PRODUCT_NAME = "$(TARGET_NAME)";
				SYSTEM_HEADER_SEARCH_PATHS = (
					"$(SRCROOT)/SirMetal/src/vendors",
					"$(SRCROOT)/../SirMetalLib/SirMetalLib/vendors",
					"$(SRCROOT)/../SirMetalLib/SirMetalLib/vendors/spdlog",
					"$(SRCROOT)/../SirMetalLib/SirMetalLib/vendors/spdlog/fmt",
				);
				"USER_HEADER_SEARCH_PATHS[arch=*]" = "\"$(SRCROOT)/../SirMetalLib";
			};
			name = Debug;
		};
		C08F5E4324B3D93A00CC95FC /* Release */ = {
			isa = XCBuildConfiguration;
			buildSettings = {
				ASSETCATALOG_COMPILER_APPICON_NAME = AppIcon;
				CODE_SIGN_ENTITLEMENTS = SirMetal/SirMetal.entitlements;
				CODE_SIGN_IDENTITY = "-";
				CODE_SIGN_STYLE = Automatic;
				COMBINE_HIDPI_IMAGES = YES;
				DEVELOPMENT_TEAM = "";
				ENABLE_HARDENED_RUNTIME = YES;
				INFOPLIST_FILE = SirMetal/Info.plist;
				LD_RUNPATH_SEARCH_PATHS = (
					"$(inherited)",
					"@executable_path/../Frameworks",
				);
				LIBRARY_SEARCH_PATHS = "";
				OTHER_LDFLAGS = "";
				PRODUCT_BUNDLE_IDENTIFIER = mg.SirMetal;
				PRODUCT_NAME = "$(TARGET_NAME)";
				SYSTEM_HEADER_SEARCH_PATHS = (
					"$(SRCROOT)/SirMetal/src/vendors",
					"$(SRCROOT)/../SirMetalLib/SirMetalLib/vendors",
					"$(SRCROOT)/../SirMetalLib/SirMetalLib/vendors/spdlog",
					"$(SRCROOT)/../SirMetalLib/SirMetalLib/vendors/spdlog/fmt",
				);
				"USER_HEADER_SEARCH_PATHS[arch=*]" = "\"$(SRCROOT)/../SirMetalLib";
			};
			name = Release;
		};
/* End XCBuildConfiguration section */

/* Begin XCConfigurationList section */
		C08F5E2B24B3D93900CC95FC /* Build configuration list for PBXProject "SirMetal" */ = {
			isa = XCConfigurationList;
			buildConfigurations = (
				C08F5E3F24B3D93A00CC95FC /* Debug */,
				C08F5E4024B3D93A00CC95FC /* Release */,
			);
			defaultConfigurationIsVisible = 0;
			defaultConfigurationName = Release;
		};
		C08F5E4124B3D93A00CC95FC /* Build configuration list for PBXNativeTarget "SirMetal" */ = {
			isa = XCConfigurationList;
			buildConfigurations = (
				C08F5E4224B3D93A00CC95FC /* Debug */,
				C08F5E4324B3D93A00CC95FC /* Release */,
			);
			defaultConfigurationIsVisible = 0;
			defaultConfigurationName = Release;
		};
/* End XCConfigurationList section */
	};
	rootObject = C08F5E2824B3D93900CC95FC /* Project object */;
}
